// !$*UTF8*$!
{
	archiveVersion = 1;
	classes = {
	};
	objectVersion = 52;
	objects = {

/* Begin PBXBuildFile section */
		760022392819FBF90011DD38 /* ProposalViewController.swift in Sources */ = {isa = PBXBuildFile; fileRef = 760022382819FBF90011DD38 /* ProposalViewController.swift */; };
		7600223B2819FC0B0011DD38 /* ProposalView.swift in Sources */ = {isa = PBXBuildFile; fileRef = 7600223A2819FC0B0011DD38 /* ProposalView.swift */; };
		761248172819F9E600CB6D48 /* WalletView.swift in Sources */ = {isa = PBXBuildFile; fileRef = 761248162819F9E600CB6D48 /* WalletView.swift */; };
		761C64A626FCB0AA004239D1 /* SessionInfo.swift in Sources */ = {isa = PBXBuildFile; fileRef = 761C64A526FCB0AA004239D1 /* SessionInfo.swift */; };
		76235E892820198B004ED0AA /* UIKit+Previews.swift in Sources */ = {isa = PBXBuildFile; fileRef = 76235E882820198B004ED0AA /* UIKit+Previews.swift */; };
		76235E8B28201C9C004ED0AA /* Utilities.swift in Sources */ = {isa = PBXBuildFile; fileRef = 76235E8A28201C9C004ED0AA /* Utilities.swift */; };
		76235E8D28202043004ED0AA /* RequestView.swift in Sources */ = {isa = PBXBuildFile; fileRef = 76235E8C28202043004ED0AA /* RequestView.swift */; };
		764E1D4026F8D3FC00A1FB15 /* AppDelegate.swift in Sources */ = {isa = PBXBuildFile; fileRef = 764E1D3F26F8D3FC00A1FB15 /* AppDelegate.swift */; };
		764E1D4226F8D3FC00A1FB15 /* SceneDelegate.swift in Sources */ = {isa = PBXBuildFile; fileRef = 764E1D4126F8D3FC00A1FB15 /* SceneDelegate.swift */; };
		764E1D4926F8D3FE00A1FB15 /* Assets.xcassets in Resources */ = {isa = PBXBuildFile; fileRef = 764E1D4826F8D3FE00A1FB15 /* Assets.xcassets */; };
		764E1D4C26F8D3FE00A1FB15 /* LaunchScreen.storyboard in Resources */ = {isa = PBXBuildFile; fileRef = 764E1D4A26F8D3FE00A1FB15 /* LaunchScreen.storyboard */; };
		764E1D5826F8DBAB00A1FB15 /* WalletConnect in Frameworks */ = {isa = PBXBuildFile; productRef = 764E1D5726F8DBAB00A1FB15 /* WalletConnect */; };
		764E1D5A26F8DF1B00A1FB15 /* ScannerViewController.swift in Sources */ = {isa = PBXBuildFile; fileRef = 764E1D5926F8DF1B00A1FB15 /* ScannerViewController.swift */; };
		765056272821989600F9AE79 /* Color+Extension.swift in Sources */ = {isa = PBXBuildFile; fileRef = 765056262821989600F9AE79 /* Color+Extension.swift */; };
		76744CF726FE4D5400B77ED9 /* ActiveSessionItem.swift in Sources */ = {isa = PBXBuildFile; fileRef = 76744CF626FE4D5400B77ED9 /* ActiveSessionItem.swift */; };
		76744CF926FE4D7400B77ED9 /* ActiveSessionCell.swift in Sources */ = {isa = PBXBuildFile; fileRef = 76744CF826FE4D7400B77ED9 /* ActiveSessionCell.swift */; };
		76B149F02821C03B00F05F91 /* Proposal.swift in Sources */ = {isa = PBXBuildFile; fileRef = 76B149EF2821C03B00F05F91 /* Proposal.swift */; };
		76B6E39F2807A3B6004DF775 /* WalletViewController.swift in Sources */ = {isa = PBXBuildFile; fileRef = 76B6E39E2807A3B6004DF775 /* WalletViewController.swift */; };
		8448F1D427E4726F0000B866 /* WalletConnect in Frameworks */ = {isa = PBXBuildFile; productRef = 8448F1D327E4726F0000B866 /* WalletConnect */; };
		84494388278D9C1B00CC26BB /* UIAlertController.swift in Sources */ = {isa = PBXBuildFile; fileRef = 84494387278D9C1B00CC26BB /* UIAlertController.swift */; };
		844943A1278EC49700CC26BB /* Web3 in Frameworks */ = {isa = PBXBuildFile; productRef = 844943A0278EC49700CC26BB /* Web3 */; };
		8460DCFC274F98A10081F94C /* RequestViewController.swift in Sources */ = {isa = PBXBuildFile; fileRef = 8460DCFB274F98A10081F94C /* RequestViewController.swift */; };
		84CE641F27981DED00142511 /* AppDelegate.swift in Sources */ = {isa = PBXBuildFile; fileRef = 84CE641E27981DED00142511 /* AppDelegate.swift */; };
		84CE642127981DED00142511 /* SceneDelegate.swift in Sources */ = {isa = PBXBuildFile; fileRef = 84CE642027981DED00142511 /* SceneDelegate.swift */; };
		84CE642827981DF000142511 /* Assets.xcassets in Resources */ = {isa = PBXBuildFile; fileRef = 84CE642727981DF000142511 /* Assets.xcassets */; };
		84CE642B27981DF000142511 /* LaunchScreen.storyboard in Resources */ = {isa = PBXBuildFile; fileRef = 84CE642927981DF000142511 /* LaunchScreen.storyboard */; };
		84CE6430279820F600142511 /* AccountsViewController.swift in Sources */ = {isa = PBXBuildFile; fileRef = 761C649926FB7ABB004239D1 /* AccountsViewController.swift */; };
		84CE6431279820F600142511 /* AccountsView.swift in Sources */ = {isa = PBXBuildFile; fileRef = 7603D74C2703429A00DD27A2 /* AccountsView.swift */; };
		84CE64392798228D00142511 /* Web3 in Frameworks */ = {isa = PBXBuildFile; productRef = 84CE64382798228D00142511 /* Web3 */; };
		84CE643D2798322600142511 /* ConnectViewController.swift in Sources */ = {isa = PBXBuildFile; fileRef = 84CE643C2798322600142511 /* ConnectViewController.swift */; };
		84CE6444279AB5AD00142511 /* SelectChainViewController.swift in Sources */ = {isa = PBXBuildFile; fileRef = 84CE6443279AB5AD00142511 /* SelectChainViewController.swift */; };
		84CE6448279AE68600142511 /* AccountRequestViewController.swift in Sources */ = {isa = PBXBuildFile; fileRef = 84CE6447279AE68600142511 /* AccountRequestViewController.swift */; };
		84CE644B279EA1FA00142511 /* AccountRequestView.swift in Sources */ = {isa = PBXBuildFile; fileRef = 84CE644A279EA1FA00142511 /* AccountRequestView.swift */; };
		84CE644E279ED2FF00142511 /* SelectChainView.swift in Sources */ = {isa = PBXBuildFile; fileRef = 84CE644D279ED2FF00142511 /* SelectChainView.swift */; };
		84CE6452279ED42B00142511 /* ConnectView.swift in Sources */ = {isa = PBXBuildFile; fileRef = 84CE6451279ED42B00142511 /* ConnectView.swift */; };
		84CE645527A29D4D00142511 /* ResponseViewController.swift in Sources */ = {isa = PBXBuildFile; fileRef = 84CE645427A29D4C00142511 /* ResponseViewController.swift */; };
		84F568C2279582D200D0A289 /* Signer.swift in Sources */ = {isa = PBXBuildFile; fileRef = 84F568C1279582D200D0A289 /* Signer.swift */; };
		84F568C42795832A00D0A289 /* EthereumTransaction.swift in Sources */ = {isa = PBXBuildFile; fileRef = 84F568C32795832A00D0A289 /* EthereumTransaction.swift */; };
		A50FFDBD286473D500F76E06 /* TestingUtils in Frameworks */ = {isa = PBXBuildFile; productRef = A50FFDBC286473D500F76E06 /* TestingUtils */; };
		A5A4FC56283CBB7800BBEC1E /* SessionDetailView.swift in Sources */ = {isa = PBXBuildFile; fileRef = A5A4FC55283CBB7800BBEC1E /* SessionDetailView.swift */; };
		A5A4FC58283CBB9F00BBEC1E /* SessionDetailViewModel.swift in Sources */ = {isa = PBXBuildFile; fileRef = A5A4FC57283CBB9F00BBEC1E /* SessionDetailViewModel.swift */; };
		A5A4FC5A283CC08600BBEC1E /* SessionNamespaceViewModel.swift in Sources */ = {isa = PBXBuildFile; fileRef = A5A4FC59283CC08600BBEC1E /* SessionNamespaceViewModel.swift */; };
		A5A4FC5C283D1F6700BBEC1E /* SessionDetailViewController.swift in Sources */ = {isa = PBXBuildFile; fileRef = A5A4FC5B283D1F6700BBEC1E /* SessionDetailViewController.swift */; };
		A5A4FC5E283D23CA00BBEC1E /* Array.swift in Sources */ = {isa = PBXBuildFile; fileRef = A5A4FC5D283D23CA00BBEC1E /* Array.swift */; };
		A5A4FC772840C12C00BBEC1E /* RegressionTests.swift in Sources */ = {isa = PBXBuildFile; fileRef = A5A4FC762840C12C00BBEC1E /* RegressionTests.swift */; };
		A5D85226286333D500DAF5C3 /* Starscream in Frameworks */ = {isa = PBXBuildFile; productRef = A5D85225286333D500DAF5C3 /* Starscream */; };
		A5D85228286333E300DAF5C3 /* Starscream in Frameworks */ = {isa = PBXBuildFile; productRef = A5D85227286333E300DAF5C3 /* Starscream */; };
		A5E03DF52864651200888481 /* Starscream in Frameworks */ = {isa = PBXBuildFile; productRef = A5E03DF42864651200888481 /* Starscream */; };
		A5E03DFA286465C700888481 /* SignClientTests.swift in Sources */ = {isa = PBXBuildFile; fileRef = A5E03DF9286465C700888481 /* SignClientTests.swift */; };
		A5E03DFB286465C700888481 /* ClientDelegate.swift in Sources */ = {isa = PBXBuildFile; fileRef = A5E03DF8286465C700888481 /* ClientDelegate.swift */; };
		A5E03DFD286465D100888481 /* Stubs.swift in Sources */ = {isa = PBXBuildFile; fileRef = A5E03DFC286465D100888481 /* Stubs.swift */; };
		A5E03DFF2864662500888481 /* WalletConnect in Frameworks */ = {isa = PBXBuildFile; productRef = A5E03DFE2864662500888481 /* WalletConnect */; };
		A5E03E01286466EA00888481 /* WalletConnectChat in Frameworks */ = {isa = PBXBuildFile; productRef = A5E03E00286466EA00888481 /* WalletConnectChat */; };
		A5E03E03286466F400888481 /* ChatTests.swift in Sources */ = {isa = PBXBuildFile; fileRef = A5E03E02286466F400888481 /* ChatTests.swift */; };
		A5E03E0D28646AD200888481 /* RelayClientEndToEndTests.swift in Sources */ = {isa = PBXBuildFile; fileRef = A5E03E0C28646AD200888481 /* RelayClientEndToEndTests.swift */; };
		A5E03E0F28646D8A00888481 /* WebSocketFactory.swift in Sources */ = {isa = PBXBuildFile; fileRef = A5E03E0E28646D8A00888481 /* WebSocketFactory.swift */; };
		A5E03E1128646F8000888481 /* KeychainServiceFake.swift in Sources */ = {isa = PBXBuildFile; fileRef = A5E03E1028646F8000888481 /* KeychainServiceFake.swift */; };
		A5E22D1A2840C62A00E36487 /* Engine.swift in Sources */ = {isa = PBXBuildFile; fileRef = A5E22D192840C62A00E36487 /* Engine.swift */; };
		A5E22D1C2840C85D00E36487 /* App.swift in Sources */ = {isa = PBXBuildFile; fileRef = A5E22D1B2840C85D00E36487 /* App.swift */; };
		A5E22D1E2840C8BF00E36487 /* RoutingEngine.swift in Sources */ = {isa = PBXBuildFile; fileRef = A5E22D1D2840C8BF00E36487 /* RoutingEngine.swift */; };
		A5E22D202840C8C700E36487 /* DAppEngine.swift in Sources */ = {isa = PBXBuildFile; fileRef = A5E22D1F2840C8C700E36487 /* DAppEngine.swift */; };
		A5E22D222840C8D300E36487 /* WalletEngine.swift in Sources */ = {isa = PBXBuildFile; fileRef = A5E22D212840C8D300E36487 /* WalletEngine.swift */; };
		A5E22D242840C8DB00E36487 /* SafariEngine.swift in Sources */ = {isa = PBXBuildFile; fileRef = A5E22D232840C8DB00E36487 /* SafariEngine.swift */; };
		A5E22D2C2840EAC300E36487 /* XCUIElement.swift in Sources */ = {isa = PBXBuildFile; fileRef = A5E22D2B2840EAC300E36487 /* XCUIElement.swift */; };
/* End PBXBuildFile section */

/* Begin PBXContainerItemProxy section */
		A5A4FC7D2840C5D400BBEC1E /* PBXContainerItemProxy */ = {
			isa = PBXContainerItemProxy;
			containerPortal = 764E1D3426F8D3FC00A1FB15 /* Project object */;
			proxyType = 1;
			remoteGlobalIDString = 84CE641B27981DED00142511;
			remoteInfo = DApp;
		};
		A5A4FC7F2840C5D400BBEC1E /* PBXContainerItemProxy */ = {
			isa = PBXContainerItemProxy;
			containerPortal = 764E1D3426F8D3FC00A1FB15 /* Project object */;
			proxyType = 1;
			remoteGlobalIDString = 764E1D3B26F8D3FC00A1FB15;
			remoteInfo = Wallet;
		};
/* End PBXContainerItemProxy section */

/* Begin PBXFileReference section */
		760022382819FBF90011DD38 /* ProposalViewController.swift */ = {isa = PBXFileReference; fileEncoding = 4; lastKnownFileType = sourcecode.swift; path = ProposalViewController.swift; sourceTree = "<group>"; };
		7600223A2819FC0B0011DD38 /* ProposalView.swift */ = {isa = PBXFileReference; fileEncoding = 4; lastKnownFileType = sourcecode.swift; path = ProposalView.swift; sourceTree = "<group>"; };
		7603D74C2703429A00DD27A2 /* AccountsView.swift */ = {isa = PBXFileReference; lastKnownFileType = sourcecode.swift; path = AccountsView.swift; sourceTree = "<group>"; };
		761248162819F9E600CB6D48 /* WalletView.swift */ = {isa = PBXFileReference; fileEncoding = 4; lastKnownFileType = sourcecode.swift; path = WalletView.swift; sourceTree = "<group>"; };
		761C649926FB7ABB004239D1 /* AccountsViewController.swift */ = {isa = PBXFileReference; lastKnownFileType = sourcecode.swift; path = AccountsViewController.swift; sourceTree = "<group>"; };
		761C64A526FCB0AA004239D1 /* SessionInfo.swift */ = {isa = PBXFileReference; lastKnownFileType = sourcecode.swift; path = SessionInfo.swift; sourceTree = "<group>"; };
		76235E882820198B004ED0AA /* UIKit+Previews.swift */ = {isa = PBXFileReference; lastKnownFileType = sourcecode.swift; path = "UIKit+Previews.swift"; sourceTree = "<group>"; };
		76235E8A28201C9C004ED0AA /* Utilities.swift */ = {isa = PBXFileReference; lastKnownFileType = sourcecode.swift; path = Utilities.swift; sourceTree = "<group>"; };
		76235E8C28202043004ED0AA /* RequestView.swift */ = {isa = PBXFileReference; lastKnownFileType = sourcecode.swift; path = RequestView.swift; sourceTree = "<group>"; };
		764E1D3C26F8D3FC00A1FB15 /* WalletConnect Wallet.app */ = {isa = PBXFileReference; explicitFileType = wrapper.application; includeInIndex = 0; path = "WalletConnect Wallet.app"; sourceTree = BUILT_PRODUCTS_DIR; };
		764E1D3F26F8D3FC00A1FB15 /* AppDelegate.swift */ = {isa = PBXFileReference; lastKnownFileType = sourcecode.swift; path = AppDelegate.swift; sourceTree = "<group>"; };
		764E1D4126F8D3FC00A1FB15 /* SceneDelegate.swift */ = {isa = PBXFileReference; lastKnownFileType = sourcecode.swift; path = SceneDelegate.swift; sourceTree = "<group>"; };
		764E1D4826F8D3FE00A1FB15 /* Assets.xcassets */ = {isa = PBXFileReference; lastKnownFileType = folder.assetcatalog; path = Assets.xcassets; sourceTree = "<group>"; };
		764E1D4B26F8D3FE00A1FB15 /* Base */ = {isa = PBXFileReference; lastKnownFileType = file.storyboard; name = Base; path = Base.lproj/LaunchScreen.storyboard; sourceTree = "<group>"; };
		764E1D4D26F8D3FE00A1FB15 /* Info.plist */ = {isa = PBXFileReference; lastKnownFileType = text.plist.xml; path = Info.plist; sourceTree = "<group>"; };
		764E1D5426F8DAC800A1FB15 /* Package.swift */ = {isa = PBXFileReference; lastKnownFileType = sourcecode.swift; name = Package.swift; path = ../Package.swift; sourceTree = "<group>"; };
		764E1D5526F8DADE00A1FB15 /* WalletConnectSwiftV2 */ = {isa = PBXFileReference; lastKnownFileType = folder; name = WalletConnectSwiftV2; path = ..; sourceTree = "<group>"; };
		764E1D5626F8DB6000A1FB15 /* WalletConnectSwiftV2 */ = {isa = PBXFileReference; lastKnownFileType = folder; name = WalletConnectSwiftV2; path = ..; sourceTree = "<group>"; };
		764E1D5926F8DF1B00A1FB15 /* ScannerViewController.swift */ = {isa = PBXFileReference; lastKnownFileType = sourcecode.swift; path = ScannerViewController.swift; sourceTree = "<group>"; };
		765056262821989600F9AE79 /* Color+Extension.swift */ = {isa = PBXFileReference; lastKnownFileType = sourcecode.swift; path = "Color+Extension.swift"; sourceTree = "<group>"; };
		76744CF626FE4D5400B77ED9 /* ActiveSessionItem.swift */ = {isa = PBXFileReference; lastKnownFileType = sourcecode.swift; path = ActiveSessionItem.swift; sourceTree = "<group>"; };
		76744CF826FE4D7400B77ED9 /* ActiveSessionCell.swift */ = {isa = PBXFileReference; lastKnownFileType = sourcecode.swift; path = ActiveSessionCell.swift; sourceTree = "<group>"; };
		76B149EF2821C03B00F05F91 /* Proposal.swift */ = {isa = PBXFileReference; lastKnownFileType = sourcecode.swift; path = Proposal.swift; sourceTree = "<group>"; };
		76B6E39E2807A3B6004DF775 /* WalletViewController.swift */ = {isa = PBXFileReference; fileEncoding = 4; lastKnownFileType = sourcecode.swift; path = WalletViewController.swift; sourceTree = "<group>"; };
		84494387278D9C1B00CC26BB /* UIAlertController.swift */ = {isa = PBXFileReference; lastKnownFileType = sourcecode.swift; path = UIAlertController.swift; sourceTree = "<group>"; };
		8460DCFB274F98A10081F94C /* RequestViewController.swift */ = {isa = PBXFileReference; lastKnownFileType = sourcecode.swift; path = RequestViewController.swift; sourceTree = "<group>"; };
		84CE641C27981DED00142511 /* DApp.app */ = {isa = PBXFileReference; explicitFileType = wrapper.application; includeInIndex = 0; path = DApp.app; sourceTree = BUILT_PRODUCTS_DIR; };
		84CE641E27981DED00142511 /* AppDelegate.swift */ = {isa = PBXFileReference; lastKnownFileType = sourcecode.swift; path = AppDelegate.swift; sourceTree = "<group>"; };
		84CE642027981DED00142511 /* SceneDelegate.swift */ = {isa = PBXFileReference; lastKnownFileType = sourcecode.swift; path = SceneDelegate.swift; sourceTree = "<group>"; };
		84CE642727981DF000142511 /* Assets.xcassets */ = {isa = PBXFileReference; lastKnownFileType = folder.assetcatalog; path = Assets.xcassets; sourceTree = "<group>"; };
		84CE642A27981DF000142511 /* Base */ = {isa = PBXFileReference; lastKnownFileType = file.storyboard; name = Base; path = Base.lproj/LaunchScreen.storyboard; sourceTree = "<group>"; };
		84CE642C27981DF000142511 /* Info.plist */ = {isa = PBXFileReference; lastKnownFileType = text.plist.xml; path = Info.plist; sourceTree = "<group>"; };
		84CE643C2798322600142511 /* ConnectViewController.swift */ = {isa = PBXFileReference; lastKnownFileType = sourcecode.swift; path = ConnectViewController.swift; sourceTree = "<group>"; };
		84CE6443279AB5AD00142511 /* SelectChainViewController.swift */ = {isa = PBXFileReference; lastKnownFileType = sourcecode.swift; path = SelectChainViewController.swift; sourceTree = "<group>"; };
		84CE6447279AE68600142511 /* AccountRequestViewController.swift */ = {isa = PBXFileReference; lastKnownFileType = sourcecode.swift; path = AccountRequestViewController.swift; sourceTree = "<group>"; };
		84CE644A279EA1FA00142511 /* AccountRequestView.swift */ = {isa = PBXFileReference; lastKnownFileType = sourcecode.swift; path = AccountRequestView.swift; sourceTree = "<group>"; };
		84CE644D279ED2FF00142511 /* SelectChainView.swift */ = {isa = PBXFileReference; lastKnownFileType = sourcecode.swift; path = SelectChainView.swift; sourceTree = "<group>"; };
		84CE6451279ED42B00142511 /* ConnectView.swift */ = {isa = PBXFileReference; lastKnownFileType = sourcecode.swift; path = ConnectView.swift; sourceTree = "<group>"; };
		84CE6453279FFE1100142511 /* Wallet.entitlements */ = {isa = PBXFileReference; lastKnownFileType = text.plist.entitlements; path = Wallet.entitlements; sourceTree = "<group>"; };
		84CE645427A29D4C00142511 /* ResponseViewController.swift */ = {isa = PBXFileReference; lastKnownFileType = sourcecode.swift; path = ResponseViewController.swift; sourceTree = "<group>"; };
		84F568C1279582D200D0A289 /* Signer.swift */ = {isa = PBXFileReference; lastKnownFileType = sourcecode.swift; path = Signer.swift; sourceTree = "<group>"; };
		84F568C32795832A00D0A289 /* EthereumTransaction.swift */ = {isa = PBXFileReference; lastKnownFileType = sourcecode.swift; path = EthereumTransaction.swift; sourceTree = "<group>"; };
		A5A4FC55283CBB7800BBEC1E /* SessionDetailView.swift */ = {isa = PBXFileReference; lastKnownFileType = sourcecode.swift; path = SessionDetailView.swift; sourceTree = "<group>"; };
		A5A4FC57283CBB9F00BBEC1E /* SessionDetailViewModel.swift */ = {isa = PBXFileReference; lastKnownFileType = sourcecode.swift; path = SessionDetailViewModel.swift; sourceTree = "<group>"; };
		A5A4FC59283CC08600BBEC1E /* SessionNamespaceViewModel.swift */ = {isa = PBXFileReference; lastKnownFileType = sourcecode.swift; path = SessionNamespaceViewModel.swift; sourceTree = "<group>"; };
		A5A4FC5B283D1F6700BBEC1E /* SessionDetailViewController.swift */ = {isa = PBXFileReference; lastKnownFileType = sourcecode.swift; path = SessionDetailViewController.swift; sourceTree = "<group>"; };
		A5A4FC5D283D23CA00BBEC1E /* Array.swift */ = {isa = PBXFileReference; lastKnownFileType = sourcecode.swift; path = Array.swift; sourceTree = "<group>"; };
		A5A4FC722840C12C00BBEC1E /* UITests.xctest */ = {isa = PBXFileReference; explicitFileType = wrapper.cfbundle; includeInIndex = 0; path = UITests.xctest; sourceTree = BUILT_PRODUCTS_DIR; };
		A5A4FC762840C12C00BBEC1E /* RegressionTests.swift */ = {isa = PBXFileReference; lastKnownFileType = sourcecode.swift; path = RegressionTests.swift; sourceTree = "<group>"; };
		A5E03DED286464DB00888481 /* IntegrationTests.xctest */ = {isa = PBXFileReference; explicitFileType = wrapper.cfbundle; includeInIndex = 0; path = IntegrationTests.xctest; sourceTree = BUILT_PRODUCTS_DIR; };
		A5E03DF8286465C700888481 /* ClientDelegate.swift */ = {isa = PBXFileReference; lastKnownFileType = sourcecode.swift; path = ClientDelegate.swift; sourceTree = "<group>"; };
		A5E03DF9286465C700888481 /* SignClientTests.swift */ = {isa = PBXFileReference; lastKnownFileType = sourcecode.swift; path = SignClientTests.swift; sourceTree = "<group>"; };
		A5E03DFC286465D100888481 /* Stubs.swift */ = {isa = PBXFileReference; lastKnownFileType = sourcecode.swift; path = Stubs.swift; sourceTree = "<group>"; };
		A5E03E02286466F400888481 /* ChatTests.swift */ = {isa = PBXFileReference; lastKnownFileType = sourcecode.swift; path = ChatTests.swift; sourceTree = "<group>"; };
		A5E03E0C28646AD200888481 /* RelayClientEndToEndTests.swift */ = {isa = PBXFileReference; fileEncoding = 4; lastKnownFileType = sourcecode.swift; path = RelayClientEndToEndTests.swift; sourceTree = "<group>"; };
		A5E03E0E28646D8A00888481 /* WebSocketFactory.swift */ = {isa = PBXFileReference; lastKnownFileType = sourcecode.swift; path = WebSocketFactory.swift; sourceTree = "<group>"; };
		A5E03E1028646F8000888481 /* KeychainServiceFake.swift */ = {isa = PBXFileReference; fileEncoding = 4; lastKnownFileType = sourcecode.swift; path = KeychainServiceFake.swift; sourceTree = "<group>"; };
		A5E22D192840C62A00E36487 /* Engine.swift */ = {isa = PBXFileReference; lastKnownFileType = sourcecode.swift; path = Engine.swift; sourceTree = "<group>"; };
		A5E22D1B2840C85D00E36487 /* App.swift */ = {isa = PBXFileReference; lastKnownFileType = sourcecode.swift; path = App.swift; sourceTree = "<group>"; };
		A5E22D1D2840C8BF00E36487 /* RoutingEngine.swift */ = {isa = PBXFileReference; lastKnownFileType = sourcecode.swift; path = RoutingEngine.swift; sourceTree = "<group>"; };
		A5E22D1F2840C8C700E36487 /* DAppEngine.swift */ = {isa = PBXFileReference; lastKnownFileType = sourcecode.swift; path = DAppEngine.swift; sourceTree = "<group>"; };
		A5E22D212840C8D300E36487 /* WalletEngine.swift */ = {isa = PBXFileReference; lastKnownFileType = sourcecode.swift; path = WalletEngine.swift; sourceTree = "<group>"; };
		A5E22D232840C8DB00E36487 /* SafariEngine.swift */ = {isa = PBXFileReference; lastKnownFileType = sourcecode.swift; path = SafariEngine.swift; sourceTree = "<group>"; };
		A5E22D2B2840EAC300E36487 /* XCUIElement.swift */ = {isa = PBXFileReference; lastKnownFileType = sourcecode.swift; path = XCUIElement.swift; sourceTree = "<group>"; };
/* End PBXFileReference section */

/* Begin PBXFrameworksBuildPhase section */
		764E1D3926F8D3FC00A1FB15 /* Frameworks */ = {
			isa = PBXFrameworksBuildPhase;
			buildActionMask = 2147483647;
			files = (
				764E1D5826F8DBAB00A1FB15 /* WalletConnect in Frameworks */,
				844943A1278EC49700CC26BB /* Web3 in Frameworks */,
				A5D85226286333D500DAF5C3 /* Starscream in Frameworks */,
			);
			runOnlyForDeploymentPostprocessing = 0;
		};
		84CE641927981DED00142511 /* Frameworks */ = {
			isa = PBXFrameworksBuildPhase;
			buildActionMask = 2147483647;
			files = (
				8448F1D427E4726F0000B866 /* WalletConnect in Frameworks */,
				84CE64392798228D00142511 /* Web3 in Frameworks */,
				A5D85228286333E300DAF5C3 /* Starscream in Frameworks */,
			);
			runOnlyForDeploymentPostprocessing = 0;
		};
		A5A4FC6F2840C12C00BBEC1E /* Frameworks */ = {
			isa = PBXFrameworksBuildPhase;
			buildActionMask = 2147483647;
			files = (
			);
			runOnlyForDeploymentPostprocessing = 0;
		};
		A5E03DEA286464DB00888481 /* Frameworks */ = {
			isa = PBXFrameworksBuildPhase;
			buildActionMask = 2147483647;
			files = (
				A5E03DFF2864662500888481 /* WalletConnect in Frameworks */,
				A5E03DF52864651200888481 /* Starscream in Frameworks */,
				A5E03E01286466EA00888481 /* WalletConnectChat in Frameworks */,
				A50FFDBD286473D500F76E06 /* TestingUtils in Frameworks */,
			);
			runOnlyForDeploymentPostprocessing = 0;
		};
/* End PBXFrameworksBuildPhase section */

/* Begin PBXGroup section */
		761248152819F9A800CB6D48 /* Wallet */ = {
			isa = PBXGroup;
			children = (
				76B6E39E2807A3B6004DF775 /* WalletViewController.swift */,
				761248162819F9E600CB6D48 /* WalletView.swift */,
				76744CF826FE4D7400B77ED9 /* ActiveSessionCell.swift */,
				76744CF626FE4D5400B77ED9 /* ActiveSessionItem.swift */,
				764E1D5926F8DF1B00A1FB15 /* ScannerViewController.swift */,
			);
			path = Wallet;
			sourceTree = "<group>";
		};
		761248182819FA8B00CB6D48 /* Shared */ = {
			isa = PBXGroup;
			children = (
				761C64A526FCB0AA004239D1 /* SessionInfo.swift */,
				84F568C32795832A00D0A289 /* EthereumTransaction.swift */,
				A5A4FC5D283D23CA00BBEC1E /* Array.swift */,
				84F568C1279582D200D0A289 /* Signer.swift */,
				765056262821989600F9AE79 /* Color+Extension.swift */,
				84494387278D9C1B00CC26BB /* UIAlertController.swift */,
				76235E882820198B004ED0AA /* UIKit+Previews.swift */,
				76235E8A28201C9C004ED0AA /* Utilities.swift */,
			);
			path = Shared;
			sourceTree = "<group>";
		};
		761C64A426FCB08B004239D1 /* SessionProposal */ = {
			isa = PBXGroup;
			children = (
				760022382819FBF90011DD38 /* ProposalViewController.swift */,
				7600223A2819FC0B0011DD38 /* ProposalView.swift */,
				76B149EF2821C03B00F05F91 /* Proposal.swift */,
			);
			path = SessionProposal;
			sourceTree = "<group>";
		};
		764E1D3326F8D3FC00A1FB15 = {
			isa = PBXGroup;
			children = (
				84CE6453279FFE1100142511 /* Wallet.entitlements */,
				764E1D3E26F8D3FC00A1FB15 /* ExampleApp */,
				84CE641D27981DED00142511 /* DApp */,
				A5A4FC732840C12C00BBEC1E /* UITests */,
				A5E03DEE286464DB00888481 /* IntegrationTests */,
				764E1D3D26F8D3FC00A1FB15 /* Products */,
				764E1D5326F8DAC800A1FB15 /* Frameworks */,
				764E1D5626F8DB6000A1FB15 /* WalletConnectSwiftV2 */,
			);
			sourceTree = "<group>";
		};
		764E1D3D26F8D3FC00A1FB15 /* Products */ = {
			isa = PBXGroup;
			children = (
				764E1D3C26F8D3FC00A1FB15 /* WalletConnect Wallet.app */,
				84CE641C27981DED00142511 /* DApp.app */,
				A5A4FC722840C12C00BBEC1E /* UITests.xctest */,
				A5E03DED286464DB00888481 /* IntegrationTests.xctest */,
			);
			name = Products;
			sourceTree = "<group>";
		};
		764E1D3E26F8D3FC00A1FB15 /* ExampleApp */ = {
			isa = PBXGroup;
			children = (
				764E1D3F26F8D3FC00A1FB15 /* AppDelegate.swift */,
				764E1D4126F8D3FC00A1FB15 /* SceneDelegate.swift */,
				761248152819F9A800CB6D48 /* Wallet */,
				761C64A426FCB08B004239D1 /* SessionProposal */,
				8460DCFE2750D6DF0081F94C /* SessionDetails */,
				8460DCFD274F98A90081F94C /* Request */,
				761248182819FA8B00CB6D48 /* Shared */,
				764E1D4826F8D3FE00A1FB15 /* Assets.xcassets */,
				764E1D4A26F8D3FE00A1FB15 /* LaunchScreen.storyboard */,
				764E1D4D26F8D3FE00A1FB15 /* Info.plist */,
			);
			path = ExampleApp;
			sourceTree = "<group>";
		};
		764E1D5326F8DAC800A1FB15 /* Frameworks */ = {
			isa = PBXGroup;
			children = (
				764E1D5526F8DADE00A1FB15 /* WalletConnectSwiftV2 */,
				764E1D5426F8DAC800A1FB15 /* Package.swift */,
			);
			name = Frameworks;
			sourceTree = "<group>";
		};
		8460DCFD274F98A90081F94C /* Request */ = {
			isa = PBXGroup;
			children = (
				8460DCFB274F98A10081F94C /* RequestViewController.swift */,
				76235E8C28202043004ED0AA /* RequestView.swift */,
			);
			path = Request;
			sourceTree = "<group>";
		};
		8460DCFE2750D6DF0081F94C /* SessionDetails */ = {
			isa = PBXGroup;
			children = (
				A5A4FC55283CBB7800BBEC1E /* SessionDetailView.swift */,
				A5A4FC5B283D1F6700BBEC1E /* SessionDetailViewController.swift */,
				A5A4FC57283CBB9F00BBEC1E /* SessionDetailViewModel.swift */,
				A5A4FC59283CC08600BBEC1E /* SessionNamespaceViewModel.swift */,
			);
			path = SessionDetails;
			sourceTree = "<group>";
		};
		84CE641D27981DED00142511 /* DApp */ = {
			isa = PBXGroup;
			children = (
				84CE641E27981DED00142511 /* AppDelegate.swift */,
				84CE642027981DED00142511 /* SceneDelegate.swift */,
				84CE645427A29D4C00142511 /* ResponseViewController.swift */,
				84CE6449279EA1E600142511 /* AccountRequest */,
				84CE644C279ED2EC00142511 /* SelectChain */,
				84CE6450279ED41D00142511 /* Connect */,
				84CE644F279ED3FB00142511 /*  Accounts */,
				84CE642727981DF000142511 /* Assets.xcassets */,
				84CE642927981DF000142511 /* LaunchScreen.storyboard */,
				84CE642C27981DF000142511 /* Info.plist */,
			);
			path = DApp;
			sourceTree = "<group>";
		};
		84CE6449279EA1E600142511 /* AccountRequest */ = {
			isa = PBXGroup;
			children = (
				84CE6447279AE68600142511 /* AccountRequestViewController.swift */,
				84CE644A279EA1FA00142511 /* AccountRequestView.swift */,
			);
			path = AccountRequest;
			sourceTree = "<group>";
		};
		84CE644C279ED2EC00142511 /* SelectChain */ = {
			isa = PBXGroup;
			children = (
				84CE6443279AB5AD00142511 /* SelectChainViewController.swift */,
				84CE644D279ED2FF00142511 /* SelectChainView.swift */,
			);
			path = SelectChain;
			sourceTree = "<group>";
		};
		84CE644F279ED3FB00142511 /*  Accounts */ = {
			isa = PBXGroup;
			children = (
				761C649926FB7ABB004239D1 /* AccountsViewController.swift */,
				7603D74C2703429A00DD27A2 /* AccountsView.swift */,
			);
			path = " Accounts";
			sourceTree = "<group>";
		};
		84CE6450279ED41D00142511 /* Connect */ = {
			isa = PBXGroup;
			children = (
				84CE643C2798322600142511 /* ConnectViewController.swift */,
				84CE6451279ED42B00142511 /* ConnectView.swift */,
			);
			path = Connect;
			sourceTree = "<group>";
		};
		A5A4FC732840C12C00BBEC1E /* UITests */ = {
			isa = PBXGroup;
			children = (
				A5E22D2A2840EAB600E36487 /* Extensions */,
				A5E22D252840D08B00E36487 /* Regression */,
				A5A4FC812840C60100BBEC1E /* Engine */,
			);
			path = UITests;
			sourceTree = "<group>";
		};
		A5A4FC812840C60100BBEC1E /* Engine */ = {
			isa = PBXGroup;
			children = (
				A5E22D192840C62A00E36487 /* Engine.swift */,
				A5E22D1D2840C8BF00E36487 /* RoutingEngine.swift */,
				A5E22D1F2840C8C700E36487 /* DAppEngine.swift */,
				A5E22D212840C8D300E36487 /* WalletEngine.swift */,
				A5E22D232840C8DB00E36487 /* SafariEngine.swift */,
				A5E22D1B2840C85D00E36487 /* App.swift */,
			);
			path = Engine;
			sourceTree = "<group>";
		};
		A5E03DEE286464DB00888481 /* IntegrationTests */ = {
			isa = PBXGroup;
			children = (
				A5E03E0B28646AA500888481 /* Relay */,
				A5E03E0A28646A8A00888481 /* Stubs */,
				A5E03E0928646A8100888481 /* Sign */,
				A5E03E0828646A7B00888481 /* Chat */,
			);
			path = IntegrationTests;
			sourceTree = "<group>";
		};
		A5E03E0828646A7B00888481 /* Chat */ = {
			isa = PBXGroup;
			children = (
				A5E03E02286466F400888481 /* ChatTests.swift */,
			);
			path = Chat;
			sourceTree = "<group>";
		};
		A5E03E0928646A8100888481 /* Sign */ = {
			isa = PBXGroup;
			children = (
				A5E03DF8286465C700888481 /* ClientDelegate.swift */,
				A5E03DF9286465C700888481 /* SignClientTests.swift */,
			);
			path = Sign;
			sourceTree = "<group>";
		};
		A5E03E0A28646A8A00888481 /* Stubs */ = {
			isa = PBXGroup;
			children = (
				A5E03E1028646F8000888481 /* KeychainServiceFake.swift */,
				A5E03E0E28646D8A00888481 /* WebSocketFactory.swift */,
				A5E03DFC286465D100888481 /* Stubs.swift */,
			);
			path = Stubs;
			sourceTree = "<group>";
		};
		A5E03E0B28646AA500888481 /* Relay */ = {
			isa = PBXGroup;
			children = (
				A5E03E0C28646AD200888481 /* RelayClientEndToEndTests.swift */,
			);
			path = Relay;
			sourceTree = "<group>";
		};
		A5E22D252840D08B00E36487 /* Regression */ = {
			isa = PBXGroup;
			children = (
				A5A4FC762840C12C00BBEC1E /* RegressionTests.swift */,
			);
			path = Regression;
			sourceTree = "<group>";
		};
		A5E22D2A2840EAB600E36487 /* Extensions */ = {
			isa = PBXGroup;
			children = (
				A5E22D2B2840EAC300E36487 /* XCUIElement.swift */,
			);
			path = Extensions;
			sourceTree = "<group>";
		};
/* End PBXGroup section */

/* Begin PBXNativeTarget section */
		764E1D3B26F8D3FC00A1FB15 /* Wallet */ = {
			isa = PBXNativeTarget;
			buildConfigurationList = 764E1D5026F8D3FE00A1FB15 /* Build configuration list for PBXNativeTarget "Wallet" */;
			buildPhases = (
				764E1D3826F8D3FC00A1FB15 /* Sources */,
				764E1D3926F8D3FC00A1FB15 /* Frameworks */,
				764E1D3A26F8D3FC00A1FB15 /* Resources */,
			);
			buildRules = (
			);
			dependencies = (
			);
			name = Wallet;
			packageProductDependencies = (
				764E1D5726F8DBAB00A1FB15 /* WalletConnect */,
				844943A0278EC49700CC26BB /* Web3 */,
				A5D85225286333D500DAF5C3 /* Starscream */,
			);
			productName = ExampleApp;
			productReference = 764E1D3C26F8D3FC00A1FB15 /* WalletConnect Wallet.app */;
			productType = "com.apple.product-type.application";
		};
		84CE641B27981DED00142511 /* DApp */ = {
			isa = PBXNativeTarget;
			buildConfigurationList = 84CE642F27981DF000142511 /* Build configuration list for PBXNativeTarget "DApp" */;
			buildPhases = (
				84CE641827981DED00142511 /* Sources */,
				84CE641927981DED00142511 /* Frameworks */,
				84CE641A27981DED00142511 /* Resources */,
			);
			buildRules = (
			);
			dependencies = (
			);
			name = DApp;
			packageProductDependencies = (
				84CE64382798228D00142511 /* Web3 */,
				8448F1D327E4726F0000B866 /* WalletConnect */,
				A5D85227286333E300DAF5C3 /* Starscream */,
			);
			productName = DApp;
			productReference = 84CE641C27981DED00142511 /* DApp.app */;
			productType = "com.apple.product-type.application";
		};
		A5A4FC712840C12C00BBEC1E /* UITests */ = {
			isa = PBXNativeTarget;
			buildConfigurationList = A5A4FC7A2840C12C00BBEC1E /* Build configuration list for PBXNativeTarget "UITests" */;
			buildPhases = (
				A5A4FC6E2840C12C00BBEC1E /* Sources */,
				A5A4FC6F2840C12C00BBEC1E /* Frameworks */,
				A5A4FC702840C12C00BBEC1E /* Resources */,
			);
			buildRules = (
			);
			dependencies = (
				A5A4FC7E2840C5D400BBEC1E /* PBXTargetDependency */,
				A5A4FC802840C5D400BBEC1E /* PBXTargetDependency */,
			);
			name = UITests;
			productName = UITests;
			productReference = A5A4FC722840C12C00BBEC1E /* UITests.xctest */;
			productType = "com.apple.product-type.bundle.ui-testing";
		};
		A5E03DEC286464DB00888481 /* IntegrationTests */ = {
			isa = PBXNativeTarget;
			buildConfigurationList = A5E03DF1286464DB00888481 /* Build configuration list for PBXNativeTarget "IntegrationTests" */;
			buildPhases = (
				A5E03DE9286464DB00888481 /* Sources */,
				A5E03DEA286464DB00888481 /* Frameworks */,
				A5E03DEB286464DB00888481 /* Resources */,
			);
			buildRules = (
			);
			dependencies = (
			);
			name = IntegrationTests;
			packageProductDependencies = (
				A5E03DF42864651200888481 /* Starscream */,
				A5E03DFE2864662500888481 /* WalletConnect */,
				A5E03E00286466EA00888481 /* WalletConnectChat */,
				A50FFDBC286473D500F76E06 /* TestingUtils */,
			);
			productName = IntegrationTests;
			productReference = A5E03DED286464DB00888481 /* IntegrationTests.xctest */;
			productType = "com.apple.product-type.bundle.unit-test";
		};
/* End PBXNativeTarget section */

/* Begin PBXProject section */
		764E1D3426F8D3FC00A1FB15 /* Project object */ = {
			isa = PBXProject;
			attributes = {
				LastSwiftUpdateCheck = 1330;
				LastUpgradeCheck = 1250;
				TargetAttributes = {
					764E1D3B26F8D3FC00A1FB15 = {
						CreatedOnToolsVersion = 12.5.1;
					};
					84CE641B27981DED00142511 = {
						CreatedOnToolsVersion = 13.2;
					};
					A5A4FC712840C12C00BBEC1E = {
						CreatedOnToolsVersion = 13.3;
					};
					A5E03DEC286464DB00888481 = {
						CreatedOnToolsVersion = 13.3;
					};
				};
			};
			buildConfigurationList = 764E1D3726F8D3FC00A1FB15 /* Build configuration list for PBXProject "ExampleApp" */;
			compatibilityVersion = "Xcode 9.3";
			developmentRegion = en;
			hasScannedForEncodings = 0;
			knownRegions = (
				en,
				Base,
			);
			mainGroup = 764E1D3326F8D3FC00A1FB15;
			packageReferences = (
				8449439F278EC49700CC26BB /* XCRemoteSwiftPackageReference "Web3" */,
				A5D85224286333D500DAF5C3 /* XCRemoteSwiftPackageReference "Starscream" */,
			);
			productRefGroup = 764E1D3D26F8D3FC00A1FB15 /* Products */;
			projectDirPath = "";
			projectRoot = "";
			targets = (
				764E1D3B26F8D3FC00A1FB15 /* Wallet */,
				84CE641B27981DED00142511 /* DApp */,
				A5A4FC712840C12C00BBEC1E /* UITests */,
				A5E03DEC286464DB00888481 /* IntegrationTests */,
			);
		};
/* End PBXProject section */

/* Begin PBXResourcesBuildPhase section */
		764E1D3A26F8D3FC00A1FB15 /* Resources */ = {
			isa = PBXResourcesBuildPhase;
			buildActionMask = 2147483647;
			files = (
				764E1D4C26F8D3FE00A1FB15 /* LaunchScreen.storyboard in Resources */,
				764E1D4926F8D3FE00A1FB15 /* Assets.xcassets in Resources */,
			);
			runOnlyForDeploymentPostprocessing = 0;
		};
		84CE641A27981DED00142511 /* Resources */ = {
			isa = PBXResourcesBuildPhase;
			buildActionMask = 2147483647;
			files = (
				84CE642B27981DF000142511 /* LaunchScreen.storyboard in Resources */,
				84CE642827981DF000142511 /* Assets.xcassets in Resources */,
			);
			runOnlyForDeploymentPostprocessing = 0;
		};
		A5A4FC702840C12C00BBEC1E /* Resources */ = {
			isa = PBXResourcesBuildPhase;
			buildActionMask = 2147483647;
			files = (
			);
			runOnlyForDeploymentPostprocessing = 0;
		};
		A5E03DEB286464DB00888481 /* Resources */ = {
			isa = PBXResourcesBuildPhase;
			buildActionMask = 2147483647;
			files = (
			);
			runOnlyForDeploymentPostprocessing = 0;
		};
/* End PBXResourcesBuildPhase section */

/* Begin PBXSourcesBuildPhase section */
		764E1D3826F8D3FC00A1FB15 /* Sources */ = {
			isa = PBXSourcesBuildPhase;
			buildActionMask = 2147483647;
			files = (
				76235E892820198B004ED0AA /* UIKit+Previews.swift in Sources */,
				76B149F02821C03B00F05F91 /* Proposal.swift in Sources */,
				765056272821989600F9AE79 /* Color+Extension.swift in Sources */,
				76235E8D28202043004ED0AA /* RequestView.swift in Sources */,
				8460DCFC274F98A10081F94C /* RequestViewController.swift in Sources */,
				76744CF926FE4D7400B77ED9 /* ActiveSessionCell.swift in Sources */,
				764E1D4026F8D3FC00A1FB15 /* AppDelegate.swift in Sources */,
				761C64A626FCB0AA004239D1 /* SessionInfo.swift in Sources */,
				A5A4FC5E283D23CA00BBEC1E /* Array.swift in Sources */,
				76235E8B28201C9C004ED0AA /* Utilities.swift in Sources */,
				76744CF726FE4D5400B77ED9 /* ActiveSessionItem.swift in Sources */,
				A5A4FC5A283CC08600BBEC1E /* SessionNamespaceViewModel.swift in Sources */,
				764E1D4226F8D3FC00A1FB15 /* SceneDelegate.swift in Sources */,
				84F568C2279582D200D0A289 /* Signer.swift in Sources */,
				A5A4FC56283CBB7800BBEC1E /* SessionDetailView.swift in Sources */,
				7600223B2819FC0B0011DD38 /* ProposalView.swift in Sources */,
				761248172819F9E600CB6D48 /* WalletView.swift in Sources */,
				A5A4FC58283CBB9F00BBEC1E /* SessionDetailViewModel.swift in Sources */,
				76B6E39F2807A3B6004DF775 /* WalletViewController.swift in Sources */,
				764E1D5A26F8DF1B00A1FB15 /* ScannerViewController.swift in Sources */,
				760022392819FBF90011DD38 /* ProposalViewController.swift in Sources */,
				84494388278D9C1B00CC26BB /* UIAlertController.swift in Sources */,
				84F568C42795832A00D0A289 /* EthereumTransaction.swift in Sources */,
				A5A4FC5C283D1F6700BBEC1E /* SessionDetailViewController.swift in Sources */,
			);
			runOnlyForDeploymentPostprocessing = 0;
		};
		84CE641827981DED00142511 /* Sources */ = {
			isa = PBXSourcesBuildPhase;
			buildActionMask = 2147483647;
			files = (
				84CE6430279820F600142511 /* AccountsViewController.swift in Sources */,
				84CE645527A29D4D00142511 /* ResponseViewController.swift in Sources */,
				84CE641F27981DED00142511 /* AppDelegate.swift in Sources */,
				84CE6452279ED42B00142511 /* ConnectView.swift in Sources */,
				84CE6448279AE68600142511 /* AccountRequestViewController.swift in Sources */,
				84CE642127981DED00142511 /* SceneDelegate.swift in Sources */,
				84CE644E279ED2FF00142511 /* SelectChainView.swift in Sources */,
				84CE644B279EA1FA00142511 /* AccountRequestView.swift in Sources */,
				84CE6431279820F600142511 /* AccountsView.swift in Sources */,
				84CE643D2798322600142511 /* ConnectViewController.swift in Sources */,
				84CE6444279AB5AD00142511 /* SelectChainViewController.swift in Sources */,
			);
			runOnlyForDeploymentPostprocessing = 0;
		};
		A5A4FC6E2840C12C00BBEC1E /* Sources */ = {
			isa = PBXSourcesBuildPhase;
			buildActionMask = 2147483647;
			files = (
				A5E22D202840C8C700E36487 /* DAppEngine.swift in Sources */,
				A5E22D1E2840C8BF00E36487 /* RoutingEngine.swift in Sources */,
				A5E22D222840C8D300E36487 /* WalletEngine.swift in Sources */,
				A5E22D1C2840C85D00E36487 /* App.swift in Sources */,
				A5A4FC772840C12C00BBEC1E /* RegressionTests.swift in Sources */,
				A5E22D242840C8DB00E36487 /* SafariEngine.swift in Sources */,
				A5E22D1A2840C62A00E36487 /* Engine.swift in Sources */,
				A5E22D2C2840EAC300E36487 /* XCUIElement.swift in Sources */,
			);
			runOnlyForDeploymentPostprocessing = 0;
		};
		A5E03DE9286464DB00888481 /* Sources */ = {
			isa = PBXSourcesBuildPhase;
			buildActionMask = 2147483647;
			files = (
				A5E03DFB286465C700888481 /* ClientDelegate.swift in Sources */,
				A5E03E03286466F400888481 /* ChatTests.swift in Sources */,
				A5E03E0D28646AD200888481 /* RelayClientEndToEndTests.swift in Sources */,
				A5E03DFA286465C700888481 /* SignClientTests.swift in Sources */,
				A5E03E0F28646D8A00888481 /* WebSocketFactory.swift in Sources */,
				A5E03E1128646F8000888481 /* KeychainServiceFake.swift in Sources */,
				A5E03DFD286465D100888481 /* Stubs.swift in Sources */,
			);
			runOnlyForDeploymentPostprocessing = 0;
		};
/* End PBXSourcesBuildPhase section */

/* Begin PBXTargetDependency section */
		A5A4FC7E2840C5D400BBEC1E /* PBXTargetDependency */ = {
			isa = PBXTargetDependency;
			target = 84CE641B27981DED00142511 /* DApp */;
			targetProxy = A5A4FC7D2840C5D400BBEC1E /* PBXContainerItemProxy */;
		};
		A5A4FC802840C5D400BBEC1E /* PBXTargetDependency */ = {
			isa = PBXTargetDependency;
			target = 764E1D3B26F8D3FC00A1FB15 /* Wallet */;
			targetProxy = A5A4FC7F2840C5D400BBEC1E /* PBXContainerItemProxy */;
		};
/* End PBXTargetDependency section */

/* Begin PBXVariantGroup section */
		764E1D4A26F8D3FE00A1FB15 /* LaunchScreen.storyboard */ = {
			isa = PBXVariantGroup;
			children = (
				764E1D4B26F8D3FE00A1FB15 /* Base */,
			);
			name = LaunchScreen.storyboard;
			sourceTree = "<group>";
		};
		84CE642927981DF000142511 /* LaunchScreen.storyboard */ = {
			isa = PBXVariantGroup;
			children = (
				84CE642A27981DF000142511 /* Base */,
			);
			name = LaunchScreen.storyboard;
			sourceTree = "<group>";
		};
/* End PBXVariantGroup section */

/* Begin XCBuildConfiguration section */
		764E1D4E26F8D3FE00A1FB15 /* Debug */ = {
			isa = XCBuildConfiguration;
			buildSettings = {
				ALWAYS_SEARCH_USER_PATHS = NO;
				CLANG_ANALYZER_NONNULL = YES;
				CLANG_ANALYZER_NUMBER_OBJECT_CONVERSION = YES_AGGRESSIVE;
				CLANG_CXX_LANGUAGE_STANDARD = "gnu++14";
				CLANG_CXX_LIBRARY = "libc++";
				CLANG_ENABLE_MODULES = YES;
				CLANG_ENABLE_OBJC_ARC = YES;
				CLANG_ENABLE_OBJC_WEAK = YES;
				CLANG_WARN_BLOCK_CAPTURE_AUTORELEASING = YES;
				CLANG_WARN_BOOL_CONVERSION = YES;
				CLANG_WARN_COMMA = YES;
				CLANG_WARN_CONSTANT_CONVERSION = YES;
				CLANG_WARN_DEPRECATED_OBJC_IMPLEMENTATIONS = YES;
				CLANG_WARN_DIRECT_OBJC_ISA_USAGE = YES_ERROR;
				CLANG_WARN_DOCUMENTATION_COMMENTS = YES;
				CLANG_WARN_EMPTY_BODY = YES;
				CLANG_WARN_ENUM_CONVERSION = YES;
				CLANG_WARN_INFINITE_RECURSION = YES;
				CLANG_WARN_INT_CONVERSION = YES;
				CLANG_WARN_NON_LITERAL_NULL_CONVERSION = YES;
				CLANG_WARN_OBJC_IMPLICIT_RETAIN_SELF = YES;
				CLANG_WARN_OBJC_LITERAL_CONVERSION = YES;
				CLANG_WARN_OBJC_ROOT_CLASS = YES_ERROR;
				CLANG_WARN_QUOTED_INCLUDE_IN_FRAMEWORK_HEADER = YES;
				CLANG_WARN_RANGE_LOOP_ANALYSIS = YES;
				CLANG_WARN_STRICT_PROTOTYPES = YES;
				CLANG_WARN_SUSPICIOUS_MOVE = YES;
				CLANG_WARN_UNGUARDED_AVAILABILITY = YES_AGGRESSIVE;
				CLANG_WARN_UNREACHABLE_CODE = YES;
				CLANG_WARN__DUPLICATE_METHOD_MATCH = YES;
				COPY_PHASE_STRIP = NO;
				DEBUG_INFORMATION_FORMAT = dwarf;
				ENABLE_STRICT_OBJC_MSGSEND = YES;
				ENABLE_TESTABILITY = YES;
				GCC_C_LANGUAGE_STANDARD = gnu11;
				GCC_DYNAMIC_NO_PIC = NO;
				GCC_NO_COMMON_BLOCKS = YES;
				GCC_OPTIMIZATION_LEVEL = 0;
				GCC_PREPROCESSOR_DEFINITIONS = (
					"DEBUG=1",
					"$(inherited)",
				);
				GCC_WARN_64_TO_32_BIT_CONVERSION = YES;
				GCC_WARN_ABOUT_RETURN_TYPE = YES_ERROR;
				GCC_WARN_UNDECLARED_SELECTOR = YES;
				GCC_WARN_UNINITIALIZED_AUTOS = YES_AGGRESSIVE;
				GCC_WARN_UNUSED_FUNCTION = YES;
				GCC_WARN_UNUSED_VARIABLE = YES;
				IPHONEOS_DEPLOYMENT_TARGET = 13.0;
				MTL_ENABLE_DEBUG_INFO = INCLUDE_SOURCE;
				MTL_FAST_MATH = YES;
				ONLY_ACTIVE_ARCH = YES;
				SDKROOT = iphoneos;
				SWIFT_ACTIVE_COMPILATION_CONDITIONS = DEBUG;
				SWIFT_OPTIMIZATION_LEVEL = "-Onone";
			};
			name = Debug;
		};
		764E1D4F26F8D3FE00A1FB15 /* Release */ = {
			isa = XCBuildConfiguration;
			buildSettings = {
				ALWAYS_SEARCH_USER_PATHS = NO;
				CLANG_ANALYZER_NONNULL = YES;
				CLANG_ANALYZER_NUMBER_OBJECT_CONVERSION = YES_AGGRESSIVE;
				CLANG_CXX_LANGUAGE_STANDARD = "gnu++14";
				CLANG_CXX_LIBRARY = "libc++";
				CLANG_ENABLE_MODULES = YES;
				CLANG_ENABLE_OBJC_ARC = YES;
				CLANG_ENABLE_OBJC_WEAK = YES;
				CLANG_WARN_BLOCK_CAPTURE_AUTORELEASING = YES;
				CLANG_WARN_BOOL_CONVERSION = YES;
				CLANG_WARN_COMMA = YES;
				CLANG_WARN_CONSTANT_CONVERSION = YES;
				CLANG_WARN_DEPRECATED_OBJC_IMPLEMENTATIONS = YES;
				CLANG_WARN_DIRECT_OBJC_ISA_USAGE = YES_ERROR;
				CLANG_WARN_DOCUMENTATION_COMMENTS = YES;
				CLANG_WARN_EMPTY_BODY = YES;
				CLANG_WARN_ENUM_CONVERSION = YES;
				CLANG_WARN_INFINITE_RECURSION = YES;
				CLANG_WARN_INT_CONVERSION = YES;
				CLANG_WARN_NON_LITERAL_NULL_CONVERSION = YES;
				CLANG_WARN_OBJC_IMPLICIT_RETAIN_SELF = YES;
				CLANG_WARN_OBJC_LITERAL_CONVERSION = YES;
				CLANG_WARN_OBJC_ROOT_CLASS = YES_ERROR;
				CLANG_WARN_QUOTED_INCLUDE_IN_FRAMEWORK_HEADER = YES;
				CLANG_WARN_RANGE_LOOP_ANALYSIS = YES;
				CLANG_WARN_STRICT_PROTOTYPES = YES;
				CLANG_WARN_SUSPICIOUS_MOVE = YES;
				CLANG_WARN_UNGUARDED_AVAILABILITY = YES_AGGRESSIVE;
				CLANG_WARN_UNREACHABLE_CODE = YES;
				CLANG_WARN__DUPLICATE_METHOD_MATCH = YES;
				COPY_PHASE_STRIP = NO;
				DEBUG_INFORMATION_FORMAT = "dwarf-with-dsym";
				ENABLE_NS_ASSERTIONS = NO;
				ENABLE_STRICT_OBJC_MSGSEND = YES;
				GCC_C_LANGUAGE_STANDARD = gnu11;
				GCC_NO_COMMON_BLOCKS = YES;
				GCC_WARN_64_TO_32_BIT_CONVERSION = YES;
				GCC_WARN_ABOUT_RETURN_TYPE = YES_ERROR;
				GCC_WARN_UNDECLARED_SELECTOR = YES;
				GCC_WARN_UNINITIALIZED_AUTOS = YES_AGGRESSIVE;
				GCC_WARN_UNUSED_FUNCTION = YES;
				GCC_WARN_UNUSED_VARIABLE = YES;
				IPHONEOS_DEPLOYMENT_TARGET = 13.0;
				MTL_ENABLE_DEBUG_INFO = NO;
				MTL_FAST_MATH = YES;
				SDKROOT = iphoneos;
				SWIFT_COMPILATION_MODE = wholemodule;
				SWIFT_OPTIMIZATION_LEVEL = "-O";
				VALIDATE_PRODUCT = YES;
			};
			name = Release;
		};
		764E1D5126F8D3FE00A1FB15 /* Debug */ = {
			isa = XCBuildConfiguration;
			buildSettings = {
				ASSETCATALOG_COMPILER_APPICON_NAME = AppIcon;
				ASSETCATALOG_COMPILER_GLOBAL_ACCENT_COLOR_NAME = AccentColor;
				CODE_SIGN_ENTITLEMENTS = Wallet.entitlements;
				CODE_SIGN_IDENTITY = "Apple Development";
				CODE_SIGN_STYLE = Automatic;
				CURRENT_PROJECT_VERSION = 13;
				DEVELOPMENT_TEAM = W5R8AG9K22;
				INFOPLIST_FILE = ExampleApp/Info.plist;
				IPHONEOS_DEPLOYMENT_TARGET = 15.0;
				LD_RUNPATH_SEARCH_PATHS = (
					"$(inherited)",
					"@executable_path/Frameworks",
				);
				MARKETING_VERSION = 0.0.1;
				PRODUCT_BUNDLE_IDENTIFIER = com.walletconnect.example;
				PRODUCT_NAME = "WalletConnect Wallet";
				PROVISIONING_PROFILE_SPECIFIER = "";
				SWIFT_VERSION = 5.0;
				TARGETED_DEVICE_FAMILY = "1,2";
			};
			name = Debug;
		};
		764E1D5226F8D3FE00A1FB15 /* Release */ = {
			isa = XCBuildConfiguration;
			buildSettings = {
				ASSETCATALOG_COMPILER_APPICON_NAME = AppIcon;
				ASSETCATALOG_COMPILER_GLOBAL_ACCENT_COLOR_NAME = AccentColor;
				CODE_SIGN_ENTITLEMENTS = Wallet.entitlements;
				CODE_SIGN_IDENTITY = "Apple Development";
				CODE_SIGN_STYLE = Automatic;
				CURRENT_PROJECT_VERSION = 13;
				DEVELOPMENT_TEAM = W5R8AG9K22;
				INFOPLIST_FILE = ExampleApp/Info.plist;
				IPHONEOS_DEPLOYMENT_TARGET = 15.0;
				LD_RUNPATH_SEARCH_PATHS = (
					"$(inherited)",
					"@executable_path/Frameworks",
				);
				MARKETING_VERSION = 0.0.1;
				PRODUCT_BUNDLE_IDENTIFIER = com.walletconnect.example;
				PRODUCT_NAME = "WalletConnect Wallet";
				PROVISIONING_PROFILE_SPECIFIER = "";
				SWIFT_VERSION = 5.0;
				TARGETED_DEVICE_FAMILY = "1,2";
			};
			name = Release;
		};
		84CE642D27981DF000142511 /* Debug */ = {
			isa = XCBuildConfiguration;
			buildSettings = {
				ASSETCATALOG_COMPILER_APPICON_NAME = AppIcon;
				ASSETCATALOG_COMPILER_GLOBAL_ACCENT_COLOR_NAME = AccentColor;
				CLANG_CXX_LANGUAGE_STANDARD = "gnu++17";
				CODE_SIGN_IDENTITY = "Apple Development";
				CODE_SIGN_STYLE = Automatic;
				CURRENT_PROJECT_VERSION = 13;
				DEVELOPMENT_TEAM = W5R8AG9K22;
				GENERATE_INFOPLIST_FILE = YES;
				INFOPLIST_FILE = DApp/Info.plist;
				INFOPLIST_KEY_CFBundleDisplayName = dApp;
				INFOPLIST_KEY_UIApplicationSupportsIndirectInputEvents = YES;
				INFOPLIST_KEY_UILaunchStoryboardName = LaunchScreen;
				INFOPLIST_KEY_UIRequiredDeviceCapabilities = armv7;
				INFOPLIST_KEY_UISupportedInterfaceOrientations = UIInterfaceOrientationPortrait;
				INFOPLIST_KEY_UISupportedInterfaceOrientations_iPad = "UIInterfaceOrientationPortrait UIInterfaceOrientationPortraitUpsideDown UIInterfaceOrientationLandscapeLeft UIInterfaceOrientationLandscapeRight";
				INFOPLIST_KEY_UISupportedInterfaceOrientations_iPhone = UIInterfaceOrientationPortrait;
				IPHONEOS_DEPLOYMENT_TARGET = 13.0;
				LD_RUNPATH_SEARCH_PATHS = (
					"$(inherited)",
					"@executable_path/Frameworks",
				);
				MARKETING_VERSION = 0.0.1;
				PRODUCT_BUNDLE_IDENTIFIER = com.walletconnect.dapp;
				PRODUCT_NAME = "$(TARGET_NAME)";
				PROVISIONING_PROFILE_SPECIFIER = "";
				SWIFT_EMIT_LOC_STRINGS = YES;
				SWIFT_VERSION = 5.0;
				TARGETED_DEVICE_FAMILY = "1,2";
			};
			name = Debug;
		};
		84CE642E27981DF000142511 /* Release */ = {
			isa = XCBuildConfiguration;
			buildSettings = {
				ASSETCATALOG_COMPILER_APPICON_NAME = AppIcon;
				ASSETCATALOG_COMPILER_GLOBAL_ACCENT_COLOR_NAME = AccentColor;
				CLANG_CXX_LANGUAGE_STANDARD = "gnu++17";
				CODE_SIGN_IDENTITY = "Apple Development";
				CODE_SIGN_STYLE = Automatic;
				CURRENT_PROJECT_VERSION = 13;
				DEVELOPMENT_TEAM = W5R8AG9K22;
				GENERATE_INFOPLIST_FILE = YES;
				INFOPLIST_FILE = DApp/Info.plist;
				INFOPLIST_KEY_CFBundleDisplayName = dApp;
				INFOPLIST_KEY_UIApplicationSupportsIndirectInputEvents = YES;
				INFOPLIST_KEY_UILaunchStoryboardName = LaunchScreen;
				INFOPLIST_KEY_UIRequiredDeviceCapabilities = armv7;
				INFOPLIST_KEY_UISupportedInterfaceOrientations = UIInterfaceOrientationPortrait;
				INFOPLIST_KEY_UISupportedInterfaceOrientations_iPad = "UIInterfaceOrientationPortrait UIInterfaceOrientationPortraitUpsideDown UIInterfaceOrientationLandscapeLeft UIInterfaceOrientationLandscapeRight";
				INFOPLIST_KEY_UISupportedInterfaceOrientations_iPhone = UIInterfaceOrientationPortrait;
				IPHONEOS_DEPLOYMENT_TARGET = 13.0;
				LD_RUNPATH_SEARCH_PATHS = (
					"$(inherited)",
					"@executable_path/Frameworks",
				);
				MARKETING_VERSION = 0.0.1;
				PRODUCT_BUNDLE_IDENTIFIER = com.walletconnect.dapp;
				PRODUCT_NAME = "$(TARGET_NAME)";
				PROVISIONING_PROFILE_SPECIFIER = "";
				SWIFT_EMIT_LOC_STRINGS = YES;
				SWIFT_VERSION = 5.0;
				TARGETED_DEVICE_FAMILY = "1,2";
			};
			name = Release;
		};
		A5A4FC782840C12C00BBEC1E /* Debug */ = {
			isa = XCBuildConfiguration;
			buildSettings = {
				CLANG_CXX_LANGUAGE_STANDARD = "gnu++17";
				CODE_SIGN_STYLE = Automatic;
				CURRENT_PROJECT_VERSION = 1;
				DEVELOPMENT_TEAM = W5R8AG9K22;
				GENERATE_INFOPLIST_FILE = YES;
				IPHONEOS_DEPLOYMENT_TARGET = 13.0;
				MARKETING_VERSION = 1.0;
				PRODUCT_BUNDLE_IDENTIFIER = com.walletconnect.UITests;
				PRODUCT_NAME = "$(TARGET_NAME)";
				PROVISIONING_PROFILE = "";
				SWIFT_EMIT_LOC_STRINGS = NO;
				SWIFT_VERSION = 5.0;
				TARGETED_DEVICE_FAMILY = "1,2";
			};
			name = Debug;
		};
		A5A4FC792840C12C00BBEC1E /* Release */ = {
			isa = XCBuildConfiguration;
			buildSettings = {
				CLANG_CXX_LANGUAGE_STANDARD = "gnu++17";
				CODE_SIGN_STYLE = Automatic;
				CURRENT_PROJECT_VERSION = 1;
				DEVELOPMENT_TEAM = W5R8AG9K22;
				GENERATE_INFOPLIST_FILE = YES;
				IPHONEOS_DEPLOYMENT_TARGET = 13.0;
				MARKETING_VERSION = 1.0;
				PRODUCT_BUNDLE_IDENTIFIER = com.walletconnect.UITests;
				PRODUCT_NAME = "$(TARGET_NAME)";
				PROVISIONING_PROFILE = "";
				SWIFT_EMIT_LOC_STRINGS = NO;
				SWIFT_VERSION = 5.0;
				TARGETED_DEVICE_FAMILY = "1,2";
			};
			name = Release;
		};
		A5E03DF2286464DB00888481 /* Debug */ = {
			isa = XCBuildConfiguration;
			buildSettings = {
				CLANG_CXX_LANGUAGE_STANDARD = "gnu++17";
				CODE_SIGN_STYLE = Automatic;
				CURRENT_PROJECT_VERSION = 1;
				DEVELOPMENT_TEAM = W5R8AG9K22;
				GENERATE_INFOPLIST_FILE = YES;
				IPHONEOS_DEPLOYMENT_TARGET = 13.0;
				MARKETING_VERSION = 1.0;
				PRODUCT_BUNDLE_IDENTIFIER = com.walletconnect.IntegrationTests;
				PRODUCT_NAME = "$(TARGET_NAME)";
				SWIFT_EMIT_LOC_STRINGS = NO;
				SWIFT_VERSION = 5.0;
				TARGETED_DEVICE_FAMILY = "1,2";
			};
			name = Debug;
		};
		A5E03DF3286464DB00888481 /* Release */ = {
			isa = XCBuildConfiguration;
			buildSettings = {
				CLANG_CXX_LANGUAGE_STANDARD = "gnu++17";
				CODE_SIGN_STYLE = Automatic;
				CURRENT_PROJECT_VERSION = 1;
				DEVELOPMENT_TEAM = W5R8AG9K22;
				GENERATE_INFOPLIST_FILE = YES;
				IPHONEOS_DEPLOYMENT_TARGET = 13.0;
				MARKETING_VERSION = 1.0;
				PRODUCT_BUNDLE_IDENTIFIER = com.walletconnect.IntegrationTests;
				PRODUCT_NAME = "$(TARGET_NAME)";
				SWIFT_EMIT_LOC_STRINGS = NO;
				SWIFT_VERSION = 5.0;
				TARGETED_DEVICE_FAMILY = "1,2";
			};
			name = Release;
		};
/* End XCBuildConfiguration section */

/* Begin XCConfigurationList section */
		764E1D3726F8D3FC00A1FB15 /* Build configuration list for PBXProject "ExampleApp" */ = {
			isa = XCConfigurationList;
			buildConfigurations = (
				764E1D4E26F8D3FE00A1FB15 /* Debug */,
				764E1D4F26F8D3FE00A1FB15 /* Release */,
			);
			defaultConfigurationIsVisible = 0;
			defaultConfigurationName = Release;
		};
		764E1D5026F8D3FE00A1FB15 /* Build configuration list for PBXNativeTarget "Wallet" */ = {
			isa = XCConfigurationList;
			buildConfigurations = (
				764E1D5126F8D3FE00A1FB15 /* Debug */,
				764E1D5226F8D3FE00A1FB15 /* Release */,
			);
			defaultConfigurationIsVisible = 0;
			defaultConfigurationName = Release;
		};
		84CE642F27981DF000142511 /* Build configuration list for PBXNativeTarget "DApp" */ = {
			isa = XCConfigurationList;
			buildConfigurations = (
				84CE642D27981DF000142511 /* Debug */,
				84CE642E27981DF000142511 /* Release */,
			);
			defaultConfigurationIsVisible = 0;
			defaultConfigurationName = Release;
		};
		A5A4FC7A2840C12C00BBEC1E /* Build configuration list for PBXNativeTarget "UITests" */ = {
			isa = XCConfigurationList;
			buildConfigurations = (
				A5A4FC782840C12C00BBEC1E /* Debug */,
				A5A4FC792840C12C00BBEC1E /* Release */,
			);
			defaultConfigurationIsVisible = 0;
			defaultConfigurationName = Release;
		};
		A5E03DF1286464DB00888481 /* Build configuration list for PBXNativeTarget "IntegrationTests" */ = {
			isa = XCConfigurationList;
			buildConfigurations = (
				A5E03DF2286464DB00888481 /* Debug */,
				A5E03DF3286464DB00888481 /* Release */,
			);
			defaultConfigurationIsVisible = 0;
			defaultConfigurationName = Release;
		};
/* End XCConfigurationList section */

/* Begin XCRemoteSwiftPackageReference section */
		8449439F278EC49700CC26BB /* XCRemoteSwiftPackageReference "Web3" */ = {
			isa = XCRemoteSwiftPackageReference;
			repositoryURL = "https://github.com/Boilertalk/Web3.swift";
			requirement = {
				kind = upToNextMajorVersion;
				minimumVersion = 0.5.3;
			};
		};
		A5D85224286333D500DAF5C3 /* XCRemoteSwiftPackageReference "Starscream" */ = {
			isa = XCRemoteSwiftPackageReference;
			repositoryURL = "https://github.com/daltoniam/Starscream";
			requirement = {
				kind = upToNextMajorVersion;
				minimumVersion = 3.0.0;
			};
		};
/* End XCRemoteSwiftPackageReference section */

/* Begin XCSwiftPackageProductDependency section */
		764E1D5726F8DBAB00A1FB15 /* WalletConnect */ = {
			isa = XCSwiftPackageProductDependency;
			productName = WalletConnect;
		};
		8448F1D327E4726F0000B866 /* WalletConnect */ = {
			isa = XCSwiftPackageProductDependency;
			productName = WalletConnect;
		};
		844943A0278EC49700CC26BB /* Web3 */ = {
			isa = XCSwiftPackageProductDependency;
			package = 8449439F278EC49700CC26BB /* XCRemoteSwiftPackageReference "Web3" */;
			productName = Web3;
		};
		84CE64382798228D00142511 /* Web3 */ = {
			isa = XCSwiftPackageProductDependency;
			package = 8449439F278EC49700CC26BB /* XCRemoteSwiftPackageReference "Web3" */;
			productName = Web3;
		};
		A50FFDBC286473D500F76E06 /* TestingUtils */ = {
			isa = XCSwiftPackageProductDependency;
			productName = TestingUtils;
		};
		A5D85225286333D500DAF5C3 /* Starscream */ = {
			isa = XCSwiftPackageProductDependency;
			package = A5D85224286333D500DAF5C3 /* XCRemoteSwiftPackageReference "Starscream" */;
			productName = Starscream;
		};
		A5D85227286333E300DAF5C3 /* Starscream */ = {
			isa = XCSwiftPackageProductDependency;
			package = A5D85224286333D500DAF5C3 /* XCRemoteSwiftPackageReference "Starscream" */;
			productName = Starscream;
		};
		A5E03DF42864651200888481 /* Starscream */ = {
			isa = XCSwiftPackageProductDependency;
			package = A5D85224286333D500DAF5C3 /* XCRemoteSwiftPackageReference "Starscream" */;
			productName = Starscream;
		};
		A5E03DFE2864662500888481 /* WalletConnect */ = {
			isa = XCSwiftPackageProductDependency;
			productName = WalletConnect;
		};
		A5E03E00286466EA00888481 /* WalletConnectChat */ = {
			isa = XCSwiftPackageProductDependency;
			productName = WalletConnectChat;
		};
/* End XCSwiftPackageProductDependency section */
	};
	rootObject = 764E1D3426F8D3FC00A1FB15 /* Project object */;
}
