// !$*UTF8*$!
{
	archiveVersion = 1;
	classes = {
	};
	objectVersion = 52;
	objects = {

/* Begin PBXBuildFile section */
		7603D74D2703429A00DD27A2 /* ProposerView.swift in Sources */ = {isa = PBXBuildFile; fileRef = 7603D74C2703429A00DD27A2 /* ProposerView.swift */; };
		761C649A26FB7ABB004239D1 /* ProposerViewController.swift in Sources */ = {isa = PBXBuildFile; fileRef = 761C649926FB7ABB004239D1 /* ProposerViewController.swift */; };
		761C649C26FB7B7F004239D1 /* ResponderViewController.swift in Sources */ = {isa = PBXBuildFile; fileRef = 761C649B26FB7B7F004239D1 /* ResponderViewController.swift */; };
		761C649E26FB7FD7004239D1 /* SessionViewController.swift in Sources */ = {isa = PBXBuildFile; fileRef = 761C649D26FB7FD7004239D1 /* SessionViewController.swift */; };
		761C64A326FB83CE004239D1 /* SessionView.swift in Sources */ = {isa = PBXBuildFile; fileRef = 761C64A226FB83CE004239D1 /* SessionView.swift */; };
		761C64A626FCB0AA004239D1 /* SessionInfo.swift in Sources */ = {isa = PBXBuildFile; fileRef = 761C64A526FCB0AA004239D1 /* SessionInfo.swift */; };
		764E1D4026F8D3FC00A1FB15 /* AppDelegate.swift in Sources */ = {isa = PBXBuildFile; fileRef = 764E1D3F26F8D3FC00A1FB15 /* AppDelegate.swift */; };
		764E1D4226F8D3FC00A1FB15 /* SceneDelegate.swift in Sources */ = {isa = PBXBuildFile; fileRef = 764E1D4126F8D3FC00A1FB15 /* SceneDelegate.swift */; };
		764E1D4926F8D3FE00A1FB15 /* Assets.xcassets in Resources */ = {isa = PBXBuildFile; fileRef = 764E1D4826F8D3FE00A1FB15 /* Assets.xcassets */; };
		764E1D4C26F8D3FE00A1FB15 /* LaunchScreen.storyboard in Resources */ = {isa = PBXBuildFile; fileRef = 764E1D4A26F8D3FE00A1FB15 /* LaunchScreen.storyboard */; };
		764E1D5826F8DBAB00A1FB15 /* WalletConnect in Frameworks */ = {isa = PBXBuildFile; productRef = 764E1D5726F8DBAB00A1FB15 /* WalletConnect */; };
		764E1D5A26F8DF1B00A1FB15 /* ScannerViewController.swift in Sources */ = {isa = PBXBuildFile; fileRef = 764E1D5926F8DF1B00A1FB15 /* ScannerViewController.swift */; };
		76744CF526FDFB6B00B77ED9 /* ResponderView.swift in Sources */ = {isa = PBXBuildFile; fileRef = 76744CF426FDFB6B00B77ED9 /* ResponderView.swift */; };
		76744CF726FE4D5400B77ED9 /* ActiveSessionItem.swift in Sources */ = {isa = PBXBuildFile; fileRef = 76744CF626FE4D5400B77ED9 /* ActiveSessionItem.swift */; };
		76744CF926FE4D7400B77ED9 /* ActiveSessionCell.swift in Sources */ = {isa = PBXBuildFile; fileRef = 76744CF826FE4D7400B77ED9 /* ActiveSessionCell.swift */; };
/* End PBXBuildFile section */

/* Begin PBXFileReference section */
		7603D74C2703429A00DD27A2 /* ProposerView.swift */ = {isa = PBXFileReference; lastKnownFileType = sourcecode.swift; path = ProposerView.swift; sourceTree = "<group>"; };
		761C649926FB7ABB004239D1 /* ProposerViewController.swift */ = {isa = PBXFileReference; lastKnownFileType = sourcecode.swift; path = ProposerViewController.swift; sourceTree = "<group>"; };
		761C649B26FB7B7F004239D1 /* ResponderViewController.swift */ = {isa = PBXFileReference; fileEncoding = 4; lastKnownFileType = sourcecode.swift; path = ResponderViewController.swift; sourceTree = "<group>"; wrapsLines = 0; };
		761C649D26FB7FD7004239D1 /* SessionViewController.swift */ = {isa = PBXFileReference; lastKnownFileType = sourcecode.swift; path = SessionViewController.swift; sourceTree = "<group>"; };
		761C64A226FB83CE004239D1 /* SessionView.swift */ = {isa = PBXFileReference; lastKnownFileType = sourcecode.swift; path = SessionView.swift; sourceTree = "<group>"; };
		761C64A526FCB0AA004239D1 /* SessionInfo.swift */ = {isa = PBXFileReference; lastKnownFileType = sourcecode.swift; path = SessionInfo.swift; sourceTree = "<group>"; };
		764E1D3C26F8D3FC00A1FB15 /* ExampleApp.app */ = {isa = PBXFileReference; explicitFileType = wrapper.application; includeInIndex = 0; path = ExampleApp.app; sourceTree = BUILT_PRODUCTS_DIR; };
		764E1D3F26F8D3FC00A1FB15 /* AppDelegate.swift */ = {isa = PBXFileReference; lastKnownFileType = sourcecode.swift; path = AppDelegate.swift; sourceTree = "<group>"; };
		764E1D4126F8D3FC00A1FB15 /* SceneDelegate.swift */ = {isa = PBXFileReference; lastKnownFileType = sourcecode.swift; path = SceneDelegate.swift; sourceTree = "<group>"; };
		764E1D4826F8D3FE00A1FB15 /* Assets.xcassets */ = {isa = PBXFileReference; lastKnownFileType = folder.assetcatalog; path = Assets.xcassets; sourceTree = "<group>"; };
		764E1D4B26F8D3FE00A1FB15 /* Base */ = {isa = PBXFileReference; lastKnownFileType = file.storyboard; name = Base; path = Base.lproj/LaunchScreen.storyboard; sourceTree = "<group>"; };
		764E1D4D26F8D3FE00A1FB15 /* Info.plist */ = {isa = PBXFileReference; lastKnownFileType = text.plist.xml; path = Info.plist; sourceTree = "<group>"; };
		764E1D5426F8DAC800A1FB15 /* Package.swift */ = {isa = PBXFileReference; lastKnownFileType = sourcecode.swift; name = Package.swift; path = ../Package.swift; sourceTree = "<group>"; };
		764E1D5526F8DADE00A1FB15 /* WalletConnectSwiftV2 */ = {isa = PBXFileReference; lastKnownFileType = folder; name = WalletConnectSwiftV2; path = ..; sourceTree = "<group>"; };
		764E1D5626F8DB6000A1FB15 /* WalletConnectSwiftV2 */ = {isa = PBXFileReference; lastKnownFileType = folder; name = WalletConnectSwiftV2; path = ..; sourceTree = "<group>"; };
		764E1D5926F8DF1B00A1FB15 /* ScannerViewController.swift */ = {isa = PBXFileReference; lastKnownFileType = sourcecode.swift; path = ScannerViewController.swift; sourceTree = "<group>"; };
		76744CF426FDFB6B00B77ED9 /* ResponderView.swift */ = {isa = PBXFileReference; lastKnownFileType = sourcecode.swift; path = ResponderView.swift; sourceTree = "<group>"; };
		76744CF626FE4D5400B77ED9 /* ActiveSessionItem.swift */ = {isa = PBXFileReference; lastKnownFileType = sourcecode.swift; path = ActiveSessionItem.swift; sourceTree = "<group>"; };
		76744CF826FE4D7400B77ED9 /* ActiveSessionCell.swift */ = {isa = PBXFileReference; lastKnownFileType = sourcecode.swift; path = ActiveSessionCell.swift; sourceTree = "<group>"; };
/* End PBXFileReference section */

/* Begin PBXFrameworksBuildPhase section */
		764E1D3926F8D3FC00A1FB15 /* Frameworks */ = {
			isa = PBXFrameworksBuildPhase;
			buildActionMask = 2147483647;
			files = (
				764E1D5826F8DBAB00A1FB15 /* WalletConnect in Frameworks */,
			);
			runOnlyForDeploymentPostprocessing = 0;
		};
/* End PBXFrameworksBuildPhase section */

/* Begin PBXGroup section */
		761C64A026FB8387004239D1 /* Responder */ = {
			isa = PBXGroup;
			children = (
				761C649B26FB7B7F004239D1 /* ResponderViewController.swift */,
				76744CF426FDFB6B00B77ED9 /* ResponderView.swift */,
				76744CF826FE4D7400B77ED9 /* ActiveSessionCell.swift */,
				76744CF626FE4D5400B77ED9 /* ActiveSessionItem.swift */,
				764E1D5926F8DF1B00A1FB15 /* ScannerViewController.swift */,
				761C64A426FCB08B004239D1 /* Session */,
			);
			path = Responder;
			sourceTree = "<group>";
		};
		761C64A126FB838D004239D1 /* Proposer */ = {
			isa = PBXGroup;
			children = (
				761C649926FB7ABB004239D1 /* ProposerViewController.swift */,
				7603D74C2703429A00DD27A2 /* ProposerView.swift */,
			);
			path = Proposer;
			sourceTree = "<group>";
		};
		761C64A426FCB08B004239D1 /* Session */ = {
			isa = PBXGroup;
			children = (
				761C649D26FB7FD7004239D1 /* SessionViewController.swift */,
				761C64A226FB83CE004239D1 /* SessionView.swift */,
				761C64A526FCB0AA004239D1 /* SessionInfo.swift */,
			);
			path = Session;
			sourceTree = "<group>";
		};
		764E1D3326F8D3FC00A1FB15 = {
			isa = PBXGroup;
			children = (
				764E1D3E26F8D3FC00A1FB15 /* ExampleApp */,
				764E1D3D26F8D3FC00A1FB15 /* Products */,
				764E1D5326F8DAC800A1FB15 /* Frameworks */,
				764E1D5626F8DB6000A1FB15 /* WalletConnectSwiftV2 */,
			);
			sourceTree = "<group>";
		};
		764E1D3D26F8D3FC00A1FB15 /* Products */ = {
			isa = PBXGroup;
			children = (
				764E1D3C26F8D3FC00A1FB15 /* ExampleApp.app */,
			);
			name = Products;
			sourceTree = "<group>";
		};
		764E1D3E26F8D3FC00A1FB15 /* ExampleApp */ = {
			isa = PBXGroup;
			children = (
				764E1D3F26F8D3FC00A1FB15 /* AppDelegate.swift */,
				764E1D4126F8D3FC00A1FB15 /* SceneDelegate.swift */,
				761C64A026FB8387004239D1 /* Responder */,
				761C64A126FB838D004239D1 /* Proposer */,
				764E1D4826F8D3FE00A1FB15 /* Assets.xcassets */,
				764E1D4A26F8D3FE00A1FB15 /* LaunchScreen.storyboard */,
				764E1D4D26F8D3FE00A1FB15 /* Info.plist */,
			);
			path = ExampleApp;
			sourceTree = "<group>";
		};
		764E1D5326F8DAC800A1FB15 /* Frameworks */ = {
			isa = PBXGroup;
			children = (
				764E1D5526F8DADE00A1FB15 /* WalletConnectSwiftV2 */,
				764E1D5426F8DAC800A1FB15 /* Package.swift */,
			);
			name = Frameworks;
			sourceTree = "<group>";
		};
/* End PBXGroup section */

/* Begin PBXNativeTarget section */
		764E1D3B26F8D3FC00A1FB15 /* ExampleApp */ = {
			isa = PBXNativeTarget;
			buildConfigurationList = 764E1D5026F8D3FE00A1FB15 /* Build configuration list for PBXNativeTarget "ExampleApp" */;
			buildPhases = (
				764E1D3826F8D3FC00A1FB15 /* Sources */,
				764E1D3926F8D3FC00A1FB15 /* Frameworks */,
				764E1D3A26F8D3FC00A1FB15 /* Resources */,
			);
			buildRules = (
			);
			dependencies = (
			);
			name = ExampleApp;
			packageProductDependencies = (
				764E1D5726F8DBAB00A1FB15 /* WalletConnect */,
			);
			productName = ExampleApp;
			productReference = 764E1D3C26F8D3FC00A1FB15 /* ExampleApp.app */;
			productType = "com.apple.product-type.application";
		};
/* End PBXNativeTarget section */

/* Begin PBXProject section */
		764E1D3426F8D3FC00A1FB15 /* Project object */ = {
			isa = PBXProject;
			attributes = {
				LastSwiftUpdateCheck = 1250;
				LastUpgradeCheck = 1250;
				TargetAttributes = {
					764E1D3B26F8D3FC00A1FB15 = {
						CreatedOnToolsVersion = 12.5.1;
					};
				};
			};
			buildConfigurationList = 764E1D3726F8D3FC00A1FB15 /* Build configuration list for PBXProject "ExampleApp" */;
			compatibilityVersion = "Xcode 9.3";
			developmentRegion = en;
			hasScannedForEncodings = 0;
			knownRegions = (
				en,
				Base,
			);
			mainGroup = 764E1D3326F8D3FC00A1FB15;
			productRefGroup = 764E1D3D26F8D3FC00A1FB15 /* Products */;
			projectDirPath = "";
			projectRoot = "";
			targets = (
				764E1D3B26F8D3FC00A1FB15 /* ExampleApp */,
			);
		};
/* End PBXProject section */

/* Begin PBXResourcesBuildPhase section */
		764E1D3A26F8D3FC00A1FB15 /* Resources */ = {
			isa = PBXResourcesBuildPhase;
			buildActionMask = 2147483647;
			files = (
				764E1D4C26F8D3FE00A1FB15 /* LaunchScreen.storyboard in Resources */,
				764E1D4926F8D3FE00A1FB15 /* Assets.xcassets in Resources */,
			);
			runOnlyForDeploymentPostprocessing = 0;
		};
/* End PBXResourcesBuildPhase section */

/* Begin PBXSourcesBuildPhase section */
		764E1D3826F8D3FC00A1FB15 /* Sources */ = {
			isa = PBXSourcesBuildPhase;
			buildActionMask = 2147483647;
			files = (
				761C64A326FB83CE004239D1 /* SessionView.swift in Sources */,
				76744CF526FDFB6B00B77ED9 /* ResponderView.swift in Sources */,
				761C649A26FB7ABB004239D1 /* ProposerViewController.swift in Sources */,
				76744CF926FE4D7400B77ED9 /* ActiveSessionCell.swift in Sources */,
				764E1D4026F8D3FC00A1FB15 /* AppDelegate.swift in Sources */,
				761C649C26FB7B7F004239D1 /* ResponderViewController.swift in Sources */,
				761C64A626FCB0AA004239D1 /* SessionInfo.swift in Sources */,
				761C649E26FB7FD7004239D1 /* SessionViewController.swift in Sources */,
				76744CF726FE4D5400B77ED9 /* ActiveSessionItem.swift in Sources */,
				764E1D4226F8D3FC00A1FB15 /* SceneDelegate.swift in Sources */,
				7603D74D2703429A00DD27A2 /* ProposerView.swift in Sources */,
				764E1D5A26F8DF1B00A1FB15 /* ScannerViewController.swift in Sources */,
			);
			runOnlyForDeploymentPostprocessing = 0;
		};
/* End PBXSourcesBuildPhase section */

/* Begin PBXVariantGroup section */
		764E1D4A26F8D3FE00A1FB15 /* LaunchScreen.storyboard */ = {
			isa = PBXVariantGroup;
			children = (
				764E1D4B26F8D3FE00A1FB15 /* Base */,
			);
			name = LaunchScreen.storyboard;
			sourceTree = "<group>";
		};
/* End PBXVariantGroup section */

/* Begin XCBuildConfiguration section */
		764E1D4E26F8D3FE00A1FB15 /* Debug */ = {
			isa = XCBuildConfiguration;
			buildSettings = {
				ALWAYS_SEARCH_USER_PATHS = NO;
				CLANG_ANALYZER_NONNULL = YES;
				CLANG_ANALYZER_NUMBER_OBJECT_CONVERSION = YES_AGGRESSIVE;
				CLANG_CXX_LANGUAGE_STANDARD = "gnu++14";
				CLANG_CXX_LIBRARY = "libc++";
				CLANG_ENABLE_MODULES = YES;
				CLANG_ENABLE_OBJC_ARC = YES;
				CLANG_ENABLE_OBJC_WEAK = YES;
				CLANG_WARN_BLOCK_CAPTURE_AUTORELEASING = YES;
				CLANG_WARN_BOOL_CONVERSION = YES;
				CLANG_WARN_COMMA = YES;
				CLANG_WARN_CONSTANT_CONVERSION = YES;
				CLANG_WARN_DEPRECATED_OBJC_IMPLEMENTATIONS = YES;
				CLANG_WARN_DIRECT_OBJC_ISA_USAGE = YES_ERROR;
				CLANG_WARN_DOCUMENTATION_COMMENTS = YES;
				CLANG_WARN_EMPTY_BODY = YES;
				CLANG_WARN_ENUM_CONVERSION = YES;
				CLANG_WARN_INFINITE_RECURSION = YES;
				CLANG_WARN_INT_CONVERSION = YES;
				CLANG_WARN_NON_LITERAL_NULL_CONVERSION = YES;
				CLANG_WARN_OBJC_IMPLICIT_RETAIN_SELF = YES;
				CLANG_WARN_OBJC_LITERAL_CONVERSION = YES;
				CLANG_WARN_OBJC_ROOT_CLASS = YES_ERROR;
				CLANG_WARN_QUOTED_INCLUDE_IN_FRAMEWORK_HEADER = YES;
				CLANG_WARN_RANGE_LOOP_ANALYSIS = YES;
				CLANG_WARN_STRICT_PROTOTYPES = YES;
				CLANG_WARN_SUSPICIOUS_MOVE = YES;
				CLANG_WARN_UNGUARDED_AVAILABILITY = YES_AGGRESSIVE;
				CLANG_WARN_UNREACHABLE_CODE = YES;
				CLANG_WARN__DUPLICATE_METHOD_MATCH = YES;
				COPY_PHASE_STRIP = NO;
				DEBUG_INFORMATION_FORMAT = dwarf;
				ENABLE_STRICT_OBJC_MSGSEND = YES;
				ENABLE_TESTABILITY = YES;
				GCC_C_LANGUAGE_STANDARD = gnu11;
				GCC_DYNAMIC_NO_PIC = NO;
				GCC_NO_COMMON_BLOCKS = YES;
				GCC_OPTIMIZATION_LEVEL = 0;
				GCC_PREPROCESSOR_DEFINITIONS = (
					"DEBUG=1",
					"$(inherited)",
				);
				GCC_WARN_64_TO_32_BIT_CONVERSION = YES;
				GCC_WARN_ABOUT_RETURN_TYPE = YES_ERROR;
				GCC_WARN_UNDECLARED_SELECTOR = YES;
				GCC_WARN_UNINITIALIZED_AUTOS = YES_AGGRESSIVE;
				GCC_WARN_UNUSED_FUNCTION = YES;
				GCC_WARN_UNUSED_VARIABLE = YES;
				IPHONEOS_DEPLOYMENT_TARGET = 14.5;
				MTL_ENABLE_DEBUG_INFO = INCLUDE_SOURCE;
				MTL_FAST_MATH = YES;
				ONLY_ACTIVE_ARCH = YES;
				SDKROOT = iphoneos;
				SWIFT_ACTIVE_COMPILATION_CONDITIONS = DEBUG;
				SWIFT_OPTIMIZATION_LEVEL = "-Onone";
			};
			name = Debug;
		};
		764E1D4F26F8D3FE00A1FB15 /* Release */ = {
			isa = XCBuildConfiguration;
			buildSettings = {
				ALWAYS_SEARCH_USER_PATHS = NO;
				CLANG_ANALYZER_NONNULL = YES;
				CLANG_ANALYZER_NUMBER_OBJECT_CONVERSION = YES_AGGRESSIVE;
				CLANG_CXX_LANGUAGE_STANDARD = "gnu++14";
				CLANG_CXX_LIBRARY = "libc++";
				CLANG_ENABLE_MODULES = YES;
				CLANG_ENABLE_OBJC_ARC = YES;
				CLANG_ENABLE_OBJC_WEAK = YES;
				CLANG_WARN_BLOCK_CAPTURE_AUTORELEASING = YES;
				CLANG_WARN_BOOL_CONVERSION = YES;
				CLANG_WARN_COMMA = YES;
				CLANG_WARN_CONSTANT_CONVERSION = YES;
				CLANG_WARN_DEPRECATED_OBJC_IMPLEMENTATIONS = YES;
				CLANG_WARN_DIRECT_OBJC_ISA_USAGE = YES_ERROR;
				CLANG_WARN_DOCUMENTATION_COMMENTS = YES;
				CLANG_WARN_EMPTY_BODY = YES;
				CLANG_WARN_ENUM_CONVERSION = YES;
				CLANG_WARN_INFINITE_RECURSION = YES;
				CLANG_WARN_INT_CONVERSION = YES;
				CLANG_WARN_NON_LITERAL_NULL_CONVERSION = YES;
				CLANG_WARN_OBJC_IMPLICIT_RETAIN_SELF = YES;
				CLANG_WARN_OBJC_LITERAL_CONVERSION = YES;
				CLANG_WARN_OBJC_ROOT_CLASS = YES_ERROR;
				CLANG_WARN_QUOTED_INCLUDE_IN_FRAMEWORK_HEADER = YES;
				CLANG_WARN_RANGE_LOOP_ANALYSIS = YES;
				CLANG_WARN_STRICT_PROTOTYPES = YES;
				CLANG_WARN_SUSPICIOUS_MOVE = YES;
				CLANG_WARN_UNGUARDED_AVAILABILITY = YES_AGGRESSIVE;
				CLANG_WARN_UNREACHABLE_CODE = YES;
				CLANG_WARN__DUPLICATE_METHOD_MATCH = YES;
				COPY_PHASE_STRIP = NO;
				DEBUG_INFORMATION_FORMAT = "dwarf-with-dsym";
				ENABLE_NS_ASSERTIONS = NO;
				ENABLE_STRICT_OBJC_MSGSEND = YES;
				GCC_C_LANGUAGE_STANDARD = gnu11;
				GCC_NO_COMMON_BLOCKS = YES;
				GCC_WARN_64_TO_32_BIT_CONVERSION = YES;
				GCC_WARN_ABOUT_RETURN_TYPE = YES_ERROR;
				GCC_WARN_UNDECLARED_SELECTOR = YES;
				GCC_WARN_UNINITIALIZED_AUTOS = YES_AGGRESSIVE;
				GCC_WARN_UNUSED_FUNCTION = YES;
				GCC_WARN_UNUSED_VARIABLE = YES;
				IPHONEOS_DEPLOYMENT_TARGET = 14.5;
				MTL_ENABLE_DEBUG_INFO = NO;
				MTL_FAST_MATH = YES;
				SDKROOT = iphoneos;
				SWIFT_COMPILATION_MODE = wholemodule;
				SWIFT_OPTIMIZATION_LEVEL = "-O";
				VALIDATE_PRODUCT = YES;
			};
			name = Release;
		};
		764E1D5126F8D3FE00A1FB15 /* Debug */ = {
			isa = XCBuildConfiguration;
			buildSettings = {
				ASSETCATALOG_COMPILER_APPICON_NAME = AppIcon;
				ASSETCATALOG_COMPILER_GLOBAL_ACCENT_COLOR_NAME = AccentColor;
				CODE_SIGN_STYLE = Automatic;
				CURRENT_PROJECT_VERSION = 2;
				DEVELOPMENT_TEAM = "";
				INFOPLIST_FILE = ExampleApp/Info.plist;
				IPHONEOS_DEPLOYMENT_TARGET = 13.0;
				LD_RUNPATH_SEARCH_PATHS = (
					"$(inherited)",
					"@executable_path/Frameworks",
				);
				MARKETING_VERSION = 0.0.1;
				PRODUCT_BUNDLE_IDENTIFIER = com.walletconnect.example;
				PRODUCT_NAME = "$(TARGET_NAME)";
				SWIFT_VERSION = 5.0;
				TARGETED_DEVICE_FAMILY = "1,2";
			};
			name = Debug;
		};
		764E1D5226F8D3FE00A1FB15 /* Release */ = {
			isa = XCBuildConfiguration;
			buildSettings = {
				ASSETCATALOG_COMPILER_APPICON_NAME = AppIcon;
				ASSETCATALOG_COMPILER_GLOBAL_ACCENT_COLOR_NAME = AccentColor;
				CODE_SIGN_STYLE = Automatic;
				CURRENT_PROJECT_VERSION = 2;
				DEVELOPMENT_TEAM = "";
				INFOPLIST_FILE = ExampleApp/Info.plist;
				IPHONEOS_DEPLOYMENT_TARGET = 13.0;
				LD_RUNPATH_SEARCH_PATHS = (
					"$(inherited)",
					"@executable_path/Frameworks",
				);
				MARKETING_VERSION = 0.0.1;
				PRODUCT_BUNDLE_IDENTIFIER = com.walletconnect.example;
				PRODUCT_NAME = "$(TARGET_NAME)";
				SWIFT_VERSION = 5.0;
				TARGETED_DEVICE_FAMILY = "1,2";
			};
			name = Release;
		};
/* End XCBuildConfiguration section */

/* Begin XCConfigurationList section */
		764E1D3726F8D3FC00A1FB15 /* Build configuration list for PBXProject "ExampleApp" */ = {
			isa = XCConfigurationList;
			buildConfigurations = (
				764E1D4E26F8D3FE00A1FB15 /* Debug */,
				764E1D4F26F8D3FE00A1FB15 /* Release */,
			);
			defaultConfigurationIsVisible = 0;
			defaultConfigurationName = Release;
		};
		764E1D5026F8D3FE00A1FB15 /* Build configuration list for PBXNativeTarget "ExampleApp" */ = {
			isa = XCConfigurationList;
			buildConfigurations = (
				764E1D5126F8D3FE00A1FB15 /* Debug */,
				764E1D5226F8D3FE00A1FB15 /* Release */,
			);
			defaultConfigurationIsVisible = 0;
			defaultConfigurationName = Release;
		};
/* End XCConfigurationList section */

/* Begin XCSwiftPackageProductDependency section */
		764E1D5726F8DBAB00A1FB15 /* WalletConnect */ = {
			isa = XCSwiftPackageProductDependency;
			productName = WalletConnect;
		};
/* End XCSwiftPackageProductDependency section */
	};
	rootObject = 764E1D3426F8D3FC00A1FB15 /* Project object */;
}
