{
  "object": {
    "pins": [
      {
        "package": "BigInt",
        "repositoryURL": "https://github.com/attaswift/BigInt.git",
        "state": {
          "branch": null,
          "revision": "0ed110f7555c34ff468e72e1686e59721f2b0da6",
          "version": "5.3.0"
        }
      },
      {
        "package": "CryptoSwift",
        "repositoryURL": "https://github.com/krzyzanowskim/CryptoSwift.git",
        "state": {
          "branch": null,
          "revision": "4b0565384d3c4c588af09e660535b2c7c9bf5b39",
          "version": "1.4.2"
        }
      },
      {
        "package": "PromiseKit",
        "repositoryURL": "https://github.com/mxcl/PromiseKit.git",
        "state": {
          "branch": null,
          "revision": "93c8d41ce96ed78f36c3948be396d76f3ca3de1b",
          "version": "6.16.2"
        }
      },
      {
        "package": "secp256k1",
        "repositoryURL": "https://github.com/Boilertalk/secp256k1.swift.git",
        "state": {
          "branch": null,
          "revision": "823281fe9def21b384099b72a9a53ca988317b20",
          "version": "0.1.4"
        }
      },
      {
        "package": "Starscream",
        "repositoryURL": "https://github.com/daltoniam/Starscream",
        "state": {
          "branch": null,
          "revision": "e6b65c6d9077ea48b4a7bdda8994a1d3c6969c8d",
          "version": "3.1.1"
        }
      },
      {
        "package": "swift-nio-zlib-support",
        "repositoryURL": "https://github.com/apple/swift-nio-zlib-support.git",
        "state": {
          "branch": null,
          "revision": "37760e9a52030bb9011972c5213c3350fa9d41fd",
          "version": "1.0.0"
        }
      },
      {
        "package": "Web3",
        "repositoryURL": "https://github.com/Boilertalk/Web3.swift",
        "state": {
          "branch": null,
          "revision": "1a6830ecc093f0f19054fed4c135dfee7bebe2b2",
          "version": "0.5.3"
        }
      }
    ]
  },
  "version": 1
}
